PODS:
  - JSQMessagesViewController (7.3.4):
    - JSQSystemSoundPlayer (~> 2.0.1)
  - JSQSystemSoundPlayer (2.0.1)
  - PureLayout (3.0.2)

DEPENDENCIES:
  - JSQMessagesViewController
  - PureLayout (~> 3.0)

SPEC CHECKSUMS:
  JSQMessagesViewController: 39fed975e3c9f8eba7292071e29eeb541d105e66
  JSQSystemSoundPlayer: c5850e77a4363ffd374cd851154b9af93264ed8d
  PureLayout: 4d550abe49a94f24c2808b9b95db9131685fe4cd

PODFILE CHECKSUM: 78fafe5e7b87d0ce24869dced9cfd80c7315a0a0

COCOAPODS: 1.2.0
