// !$*UTF8*$!
{
	archiveVersion = 1;
	classes = {
	};
	objectVersion = 46;
	objects = {

/* Begin PBXBuildFile section */
		1BB6AE311D5D24A800EC2E1B /* MessageContent.swift in Sources */ = {isa = PBXBuildFile; fileRef = 1BB6AE301D5D24A800EC2E1B /* MessageContent.swift */; };
		300A1D7E1E53EB6C0071FED7 /* LoginLayout.swift in Sources */ = {isa = PBXBuildFile; fileRef = 300A1D7D1E53EB6C0071FED7 /* LoginLayout.swift */; };
		300A1D821E53F9EF0071FED7 /* LoginViewController.swift in Sources */ = {isa = PBXBuildFile; fileRef = 300A1D811E53F9EF0071FED7 /* LoginViewController.swift */; };
		301B1C511E036A0100D507B8 /* OldAccessViewController.swift in Sources */ = {isa = PBXBuildFile; fileRef = 301B1C501E036A0100D507B8 /* OldAccessViewController.swift */; };
		302799D41E57684D00AFFB90 /* PrivacyPolicyViewController.swift in Sources */ = {isa = PBXBuildFile; fileRef = 302799D31E57684D00AFFB90 /* PrivacyPolicyViewController.swift */; };
		302799D61E5768E400AFFB90 /* PrivacyPolicyLayout.swift in Sources */ = {isa = PBXBuildFile; fileRef = 302799D51E5768E400AFFB90 /* PrivacyPolicyLayout.swift */; };
		302799D81E5768F800AFFB90 /* PrivacyPolicyObjects.swift in Sources */ = {isa = PBXBuildFile; fileRef = 302799D71E5768F800AFFB90 /* PrivacyPolicyObjects.swift */; };
		302799DA1E579FC300AFFB90 /* SwipeViewController.swift in Sources */ = {isa = PBXBuildFile; fileRef = 302799D91E579FC300AFFB90 /* SwipeViewController.swift */; };
		302799DC1E57A71800AFFB90 /* SwipeLayout.swift in Sources */ = {isa = PBXBuildFile; fileRef = 302799DB1E57A71800AFFB90 /* SwipeLayout.swift */; };
		302799DE1E57A72700AFFB90 /* SwipeObjects.swift in Sources */ = {isa = PBXBuildFile; fileRef = 302799DD1E57A72700AFFB90 /* SwipeObjects.swift */; };
		3030C0B51DD54E3F0077F7AC /* LocalData.swift in Sources */ = {isa = PBXBuildFile; fileRef = 3030C0B01DD54E3F0077F7AC /* LocalData.swift */; };
		3030C0B61DD54E3F0077F7AC /* LocalStorageUtility.swift in Sources */ = {isa = PBXBuildFile; fileRef = 3030C0B11DD54E3F0077F7AC /* LocalStorageUtility.swift */; };
		3030C0B71DD54E3F0077F7AC /* PairInfo.swift in Sources */ = {isa = PBXBuildFile; fileRef = 3030C0B21DD54E3F0077F7AC /* PairInfo.swift */; };
		3030C0B81DD54E3F0077F7AC /* UserInfo.swift in Sources */ = {isa = PBXBuildFile; fileRef = 3030C0B31DD54E3F0077F7AC /* UserInfo.swift */; };
		3030C0B91DD54E3F0077F7AC /* UserInfoPair.swift in Sources */ = {isa = PBXBuildFile; fileRef = 3030C0B41DD54E3F0077F7AC /* UserInfoPair.swift */; };
		3030C0C21DD54E5E0077F7AC /* CustomKeyboard.swift in Sources */ = {isa = PBXBuildFile; fileRef = 3030C0BE1DD54E5E0077F7AC /* CustomKeyboard.swift */; };
		3030C0C31DD54E5E0077F7AC /* NecterNavigationBar.swift in Sources */ = {isa = PBXBuildFile; fileRef = 3030C0BF1DD54E5E0077F7AC /* NecterNavigationBar.swift */; };
		3030C0C41DD54E5E0077F7AC /* CustomSearchBar.swift in Sources */ = {isa = PBXBuildFile; fileRef = 3030C0C01DD54E5E0077F7AC /* CustomSearchBar.swift */; };
		3030C0C51DD54E5E0077F7AC /* MissionControlView.swift in Sources */ = {isa = PBXBuildFile; fileRef = 3030C0C11DD54E5E0077F7AC /* MissionControlView.swift */; };
		3030C0CD1DD54E8F0077F7AC /* CustomTimer.swift in Sources */ = {isa = PBXBuildFile; fileRef = 3030C0CA1DD54E8F0077F7AC /* CustomTimer.swift */; };
		3030C0CE1DD54E8F0077F7AC /* Downloader.swift in Sources */ = {isa = PBXBuildFile; fileRef = 3030C0CB1DD54E8F0077F7AC /* Downloader.swift */; };
		3030C0CF1DD54E8F0077F7AC /* modelName.swift in Sources */ = {isa = PBXBuildFile; fileRef = 3030C0CC1DD54E8F0077F7AC /* modelName.swift */; };
		3030C0D21DD54E9C0077F7AC /* DisplayUtility.swift in Sources */ = {isa = PBXBuildFile; fileRef = 3030C0D01DD54E9C0077F7AC /* DisplayUtility.swift */; };
		3030C0D31DD54E9C0077F7AC /* TransitionManager.swift in Sources */ = {isa = PBXBuildFile; fileRef = 3030C0D11DD54E9C0077F7AC /* TransitionManager.swift */; };
		3030C0D51DD550240077F7AC /* SwipeCard.swift in Sources */ = {isa = PBXBuildFile; fileRef = 3030C0D41DD550240077F7AC /* SwipeCard.swift */; };
		303139091E65D6E300F8D9BF /* ReusableObjects.swift in Sources */ = {isa = PBXBuildFile; fileRef = 303139081E65D6E300F8D9BF /* ReusableObjects.swift */; };
		304FEBDB1DDE40A200B3A8A7 /* PFCloudFunctions.swift in Sources */ = {isa = PBXBuildFile; fileRef = 304FEBDA1DDE40A200B3A8A7 /* PFCloudFunctions.swift */; };
		304FEBDD1DDE413500B3A8A7 /* DBSavingFunctions.swift in Sources */ = {isa = PBXBuildFile; fileRef = 304FEBDC1DDE413500B3A8A7 /* DBSavingFunctions.swift */; };
		304FEBE11DE3918E00B3A8A7 /* DashedLine.swift in Sources */ = {isa = PBXBuildFile; fileRef = 304FEBE01DE3918E00B3A8A7 /* DashedLine.swift */; };
		304FEBE31DE498A300B3A8A7 /* SendingNotificationView.swift in Sources */ = {isa = PBXBuildFile; fileRef = 304FEBE21DE498A300B3A8A7 /* SendingNotificationView.swift */; };
		304FEBE71DE49EFD00B3A8A7 /* CircleView.swift in Sources */ = {isa = PBXBuildFile; fileRef = 304FEBE61DE49EFD00B3A8A7 /* CircleView.swift */; };
		3059ABF21DEC72FB0010A81B /* TrendingView.swift in Sources */ = {isa = PBXBuildFile; fileRef = 3059ABF11DEC72FB0010A81B /* TrendingView.swift */; };
		306BD21F1E4416100020C4BA /* Reachability.swift in Sources */ = {isa = PBXBuildFile; fileRef = 306BD21E1E4416100020C4BA /* Reachability.swift */; };
		3079EB251E54FACD008AB6E5 /* LoginObjects.swift in Sources */ = {isa = PBXBuildFile; fileRef = 3079EB241E54FACD008AB6E5 /* LoginObjects.swift */; };
		307A7F5C1D46620C00858F96 /* ProfileTableViewCell.swift in Sources */ = {isa = PBXBuildFile; fileRef = 307A7F5B1D46620C00858F96 /* ProfileTableViewCell.swift */; };
		307A7F5E1D46763000858F96 /* ProfileTableViewCell2.swift in Sources */ = {isa = PBXBuildFile; fileRef = 307A7F5D1D46763000858F96 /* ProfileTableViewCell2.swift */; };
		3080202C1E6649080091E63D /* MainPageViewController.swift in Sources */ = {isa = PBXBuildFile; fileRef = 3080202B1E6649080091E63D /* MainPageViewController.swift */; };
		30A726F21E2683850070B620 /* Main.storyboard in Resources */ = {isa = PBXBuildFile; fileRef = 30A726F11E2683850070B620 /* Main.storyboard */; };
		30A726FC1E27D9160070B620 /* UserSettingsViewController.swift in Sources */ = {isa = PBXBuildFile; fileRef = 30A726FB1E27D9160070B620 /* UserSettingsViewController.swift */; };
		30A727041E293A9A0070B620 /* OldMessagesViewController.swift in Sources */ = {isa = PBXBuildFile; fileRef = 30A727031E293A9A0070B620 /* OldMessagesViewController.swift */; };
		30A727061E29540F0070B620 /* MessageComposer.swift in Sources */ = {isa = PBXBuildFile; fileRef = 30A727051E29540F0070B620 /* MessageComposer.swift */; };
		30A7270A1E2EF7550070B620 /* SignupViewController.swift in Sources */ = {isa = PBXBuildFile; fileRef = 30A727091E2EF7550070B620 /* SignupViewController.swift */; };
		30AA7D651DDCD0CE00DD344D /* NewMatchesView.swift in Sources */ = {isa = PBXBuildFile; fileRef = 30AA7D641DDCD0CE00DD344D /* NewMatchesView.swift */; };
		30B8D98F1E22F17D00624D52 /* AcceptedConnectionNotification.swift in Sources */ = {isa = PBXBuildFile; fileRef = 30B8D98E1E22F17D00624D52 /* AcceptedConnectionNotification.swift */; };
		30B8D9931E23FA4B00624D52 /* DBRetrievingFunctions.swift in Sources */ = {isa = PBXBuildFile; fileRef = 30B8D9921E23FA4B00624D52 /* DBRetrievingFunctions.swift */; };
		30BAE9A21E31B9210094070B /* MessagingFunctions.swift in Sources */ = {isa = PBXBuildFile; fileRef = 30BAE9A11E31B9210094070B /* MessagingFunctions.swift */; };
		30BF6FEB1E5BDB700008C2B5 /* MyProfileViewController.swift in Sources */ = {isa = PBXBuildFile; fileRef = 30BF6FEA1E5BDB700008C2B5 /* MyProfileViewController.swift */; };
		30BF6FED1E5BDB8A0008C2B5 /* MyProfileLayout.swift in Sources */ = {isa = PBXBuildFile; fileRef = 30BF6FEC1E5BDB8A0008C2B5 /* MyProfileLayout.swift */; };
		30BF6FEF1E5BDBA40008C2B5 /* MyProfileObjects.swift in Sources */ = {isa = PBXBuildFile; fileRef = 30BF6FEE1E5BDBA40008C2B5 /* MyProfileObjects.swift */; };
		30BF6FF11E5BDD860008C2B5 /* MessagesViewController.swift in Sources */ = {isa = PBXBuildFile; fileRef = 30BF6FF01E5BDD860008C2B5 /* MessagesViewController.swift */; };
		30BF6FF31E5BDDAB0008C2B5 /* MessagesLayout.swift in Sources */ = {isa = PBXBuildFile; fileRef = 30BF6FF21E5BDDAB0008C2B5 /* MessagesLayout.swift */; };
		30BF6FF51E5BDDBD0008C2B5 /* MessagesObjects.swift in Sources */ = {isa = PBXBuildFile; fileRef = 30BF6FF41E5BDDBD0008C2B5 /* MessagesObjects.swift */; };
		30BF6FF71E5BDE7A0008C2B5 /* ThreadViewController.swift in Sources */ = {isa = PBXBuildFile; fileRef = 30BF6FF61E5BDE7A0008C2B5 /* ThreadViewController.swift */; };
		30BF6FF91E5BDEA50008C2B5 /* ThreadLayout.swift in Sources */ = {isa = PBXBuildFile; fileRef = 30BF6FF81E5BDEA50008C2B5 /* ThreadLayout.swift */; };
		30BF6FFB1E5BDEB40008C2B5 /* ThreadObjects.swift in Sources */ = {isa = PBXBuildFile; fileRef = 30BF6FFA1E5BDEB40008C2B5 /* ThreadObjects.swift */; };
		30BF6FFD1E5BDF530008C2B5 /* EditProfileViewController.swift in Sources */ = {isa = PBXBuildFile; fileRef = 30BF6FFC1E5BDF530008C2B5 /* EditProfileViewController.swift */; };
		30BF6FFF1E5BDF710008C2B5 /* EditProfileLayout.swift in Sources */ = {isa = PBXBuildFile; fileRef = 30BF6FFE1E5BDF710008C2B5 /* EditProfileLayout.swift */; };
		30BF70011E5BDF820008C2B5 /* EditProfileObjects.swift in Sources */ = {isa = PBXBuildFile; fileRef = 30BF70001E5BDF820008C2B5 /* EditProfileObjects.swift */; };
		30BF70031E5BE2B20008C2B5 /* ExternalProfileViewController.swift in Sources */ = {isa = PBXBuildFile; fileRef = 30BF70021E5BE2B20008C2B5 /* ExternalProfileViewController.swift */; };
		30BF70071E5BE2FD0008C2B5 /* ExternalProfileObjects.swift in Sources */ = {isa = PBXBuildFile; fileRef = 30BF70061E5BE2FD0008C2B5 /* ExternalProfileObjects.swift */; };
		30BF700B1E5C95C60008C2B5 /* SettingsViewController.swift in Sources */ = {isa = PBXBuildFile; fileRef = 30BF700A1E5C95C60008C2B5 /* SettingsViewController.swift */; };
		30BF700D1E5C95F60008C2B5 /* SettingsLayout.swift in Sources */ = {isa = PBXBuildFile; fileRef = 30BF700C1E5C95F60008C2B5 /* SettingsLayout.swift */; };
		30BF700F1E5C960C0008C2B5 /* SettingsObjects.swift in Sources */ = {isa = PBXBuildFile; fileRef = 30BF700E1E5C960C0008C2B5 /* SettingsObjects.swift */; };
		30BFA0B21E4BBB9600A17F5E /* FacebookFunctions.swift in Sources */ = {isa = PBXBuildFile; fileRef = 30BFA0B01E4BBB9600A17F5E /* FacebookFunctions.swift */; };
		30BFA0B31E4BBB9600A17F5E /* FBLogin.swift in Sources */ = {isa = PBXBuildFile; fileRef = 30BFA0B11E4BBB9600A17F5E /* FBLogin.swift */; };
		30BFA0B51E4CCC1500A17F5E /* BridgeType.swift in Sources */ = {isa = PBXBuildFile; fileRef = 30BFA0B41E4CCC1500A17F5E /* BridgeType.swift */; };
		30BFA0BD1E4CD60D00A17F5E /* MessagesTitleTableViewCell.swift in Sources */ = {isa = PBXBuildFile; fileRef = 30BFA0BC1E4CD60D00A17F5E /* MessagesTitleTableViewCell.swift */; };
		30D82B5C1E6F92E3000F7075 /* WebViewController.swift in Sources */ = {isa = PBXBuildFile; fileRef = 30D82B5B1E6F92E3000F7075 /* WebViewController.swift */; };
		30D82B601E6FC7E6000F7075 /* LoginBackend.swift in Sources */ = {isa = PBXBuildFile; fileRef = 30D82B5F1E6FC7E6000F7075 /* LoginBackend.swift */; };
		30D82B621E6FCFC1000F7075 /* PopupView.swift in Sources */ = {isa = PBXBuildFile; fileRef = 30D82B611E6FCFC1000F7075 /* PopupView.swift */; };
		30D82B641E70D611000F7075 /* PopupObjects.swift in Sources */ = {isa = PBXBuildFile; fileRef = 30D82B631E70D611000F7075 /* PopupObjects.swift */; };
		30D82B661E73306D000F7075 /* EditProfileInfoViewController.swift in Sources */ = {isa = PBXBuildFile; fileRef = 30D82B651E73306D000F7075 /* EditProfileInfoViewController.swift */; };
		30D82B681E7330C6000F7075 /* EditProfileInfoObjects.swift in Sources */ = {isa = PBXBuildFile; fileRef = 30D82B671E7330C6000F7075 /* EditProfileInfoObjects.swift */; };
		30D82B6C1E73310A000F7075 /* EditProfileInfoLayout.swift in Sources */ = {isa = PBXBuildFile; fileRef = 30D82B6B1E73310A000F7075 /* EditProfileInfoLayout.swift */; };
		30D82B6E1E733118000F7075 /* ExternalProfileLayout.swift in Sources */ = {isa = PBXBuildFile; fileRef = 30D82B6D1E733118000F7075 /* ExternalProfileLayout.swift */; };
		30E2AF701DD644600023AA95 /* HalfSwipeCard.swift in Sources */ = {isa = PBXBuildFile; fileRef = 30E2AF6F1DD644600023AA95 /* HalfSwipeCard.swift */; };
		30E2AF751DDA156C0023AA95 /* BentonSans-Bold.otf in Resources */ = {isa = PBXBuildFile; fileRef = 30E2AF731DDA156C0023AA95 /* BentonSans-Bold.otf */; };
		30E2AF761DDA156C0023AA95 /* BentonSans-Light.otf in Resources */ = {isa = PBXBuildFile; fileRef = 30E2AF741DDA156C0023AA95 /* BentonSans-Light.otf */; };
		30E2AF781DDA2AB70023AA95 /* ReasonForConnection.swift in Sources */ = {isa = PBXBuildFile; fileRef = 30E2AF771DDA2AB70023AA95 /* ReasonForConnection.swift */; };
		67AD26D61E31353400252575 /* Constants.swift in Sources */ = {isa = PBXBuildFile; fileRef = 67AD26D51E31353400252575 /* Constants.swift */; };
		814C3ACB1B69877600E307BB /* Images.xcassets in Resources */ = {isa = PBXBuildFile; fileRef = 814C3AC81B69877600E307BB /* Images.xcassets */; };
		81BA81771A49E0D500E65899 /* libsqlite3.dylib in Frameworks */ = {isa = PBXBuildFile; fileRef = 81BA81761A49E0D500E65899 /* libsqlite3.dylib */; };
		81BA81791A49E0DB00E65899 /* AudioToolbox.framework in Frameworks */ = {isa = PBXBuildFile; fileRef = 81BA81781A49E0DB00E65899 /* AudioToolbox.framework */; };
		81BA817B1A49E0E500E65899 /* SystemConfiguration.framework in Frameworks */ = {isa = PBXBuildFile; fileRef = 81BA817A1A49E0E500E65899 /* SystemConfiguration.framework */; };
		81BA817F1A49E0F000E65899 /* libstdc++.6.dylib in Frameworks */ = {isa = PBXBuildFile; fileRef = 81BA817E1A49E0F000E65899 /* libstdc++.6.dylib */; };
		9021CC451E3A53C400720260 /* ProfileNavBar.swift in Sources */ = {isa = PBXBuildFile; fileRef = 9021CC441E3A53C400720260 /* ProfileNavBar.swift */; };
		9021CC471E3A541000720260 /* ProfileHexagons.swift in Sources */ = {isa = PBXBuildFile; fileRef = 9021CC461E3A541000720260 /* ProfileHexagons.swift */; };
		9021CC491E3A548600720260 /* ProfileStatusButtons.swift in Sources */ = {isa = PBXBuildFile; fileRef = 9021CC481E3A548600720260 /* ProfileStatusButtons.swift */; };
		9026A0681DDF83F1007CE4D9 /* NewMatch.swift in Sources */ = {isa = PBXBuildFile; fileRef = 9026A0671DDF83F1007CE4D9 /* NewMatch.swift */; };
		9028FA3E1E4D2CC7002CC80F /* ReportUserMenu.swift in Sources */ = {isa = PBXBuildFile; fileRef = 9028FA3D1E4D2CC7002CC80F /* ReportUserMenu.swift */; };
		9032B4541E311B0600136408 /* ProfilePicturesView.swift in Sources */ = {isa = PBXBuildFile; fileRef = 9032B4531E311B0600136408 /* ProfilePicturesView.swift */; };
		9032B4561E31249C00136408 /* OtherProfileViewController.swift in Sources */ = {isa = PBXBuildFile; fileRef = 9032B4551E31249C00136408 /* OtherProfileViewController.swift */; };
		903477B91E60C3C4007E2CAE /* MessagesTableDelegate.swift in Sources */ = {isa = PBXBuildFile; fileRef = 903477B81E60C3C4007E2CAE /* MessagesTableDelegate.swift */; };
		903477BB1E652CB8007E2CAE /* SwipeBackend.swift in Sources */ = {isa = PBXBuildFile; fileRef = 903477BA1E652CB8007E2CAE /* SwipeBackend.swift */; };
		903477BD1E653455007E2CAE /* SwipeLogic.swift in Sources */ = {isa = PBXBuildFile; fileRef = 903477BC1E653454007E2CAE /* SwipeLogic.swift */; };
		9043B77B1E56ABC100D76BCE /* BridgePairing.swift in Sources */ = {isa = PBXBuildFile; fileRef = 9043B7771E56ABC100D76BCE /* BridgePairing.swift */; };
		9043B77C1E56ABC100D76BCE /* Message.swift in Sources */ = {isa = PBXBuildFile; fileRef = 9043B7781E56ABC100D76BCE /* Message.swift */; };
		9043B77D1E56ABC100D76BCE /* Picture.swift in Sources */ = {isa = PBXBuildFile; fileRef = 9043B7791E56ABC100D76BCE /* Picture.swift */; };
		9043B77E1E56ABC100D76BCE /* User.swift in Sources */ = {isa = PBXBuildFile; fileRef = 9043B77A1E56ABC100D76BCE /* User.swift */; };
		90512CF21E26A8D900D293BD /* OldEditProfileViewController.swift in Sources */ = {isa = PBXBuildFile; fileRef = 90512CF11E26A8D900D293BD /* OldEditProfileViewController.swift */; };
		906383EA1E6FB1E700D901EA /* EditProfileBackend.swift in Sources */ = {isa = PBXBuildFile; fileRef = 906383E91E6FB1E700D901EA /* EditProfileBackend.swift */; };
		9067C8481E6F51DF00465276 /* EditProfilePicturesTableViewCell.swift in Sources */ = {isa = PBXBuildFile; fileRef = 9067C8471E6F51DF00465276 /* EditProfilePicturesTableViewCell.swift */; };
		9067C84A1E6F969B00465276 /* EditProfileLogic.swift in Sources */ = {isa = PBXBuildFile; fileRef = 9067C8491E6F969B00465276 /* EditProfileLogic.swift */; };
		907201431E41D96B00A77BC4 /* CropImageViewController.swift in Sources */ = {isa = PBXBuildFile; fileRef = 907201421E41D96B00A77BC4 /* CropImageViewController.swift */; };
		907201471E4316B500A77BC4 /* FacebookImagePickerController.swift in Sources */ = {isa = PBXBuildFile; fileRef = 907201461E4316B500A77BC4 /* FacebookImagePickerController.swift */; };
		907F605B1E724EEB00CB1097 /* ChatViewController.swift in Sources */ = {isa = PBXBuildFile; fileRef = 907F605A1E724EEB00CB1097 /* ChatViewController.swift */; };
		907F605D1E7263B800CB1097 /* SingleMessage.swift in Sources */ = {isa = PBXBuildFile; fileRef = 907F605C1E7263B800CB1097 /* SingleMessage.swift */; };
		90AB6B111E5E1BAE00EBEBC0 /* MessagesBackend.swift in Sources */ = {isa = PBXBuildFile; fileRef = 90AB6B101E5E1BAE00EBEBC0 /* MessagesBackend.swift */; };
		90AB6B131E60A01000EBEBC0 /* MessagesLogic.swift in Sources */ = {isa = PBXBuildFile; fileRef = 90AB6B121E60A01000EBEBC0 /* MessagesLogic.swift */; };
		90AD62281E2E259D001F1074 /* ProfilePicturesViewController.swift in Sources */ = {isa = PBXBuildFile; fileRef = 90AD62271E2E259D001F1074 /* ProfilePicturesViewController.swift */; };
		90C931031DF9BAEE00D25740 /* FilterInfo.swift in Sources */ = {isa = PBXBuildFile; fileRef = 90C931021DF9BAEE00D25740 /* FilterInfo.swift */; };
		90CA09A91E0AF3C700330646 /* OldMyProfileViewController.swift in Sources */ = {isa = PBXBuildFile; fileRef = 90CA09A81E0AF3C700330646 /* OldMyProfileViewController.swift */; };
		90CA09AB1E0B080100330646 /* HexagonView.swift in Sources */ = {isa = PBXBuildFile; fileRef = 90CA09AA1E0B080100330646 /* HexagonView.swift */; };
		90CA09AF1E1B5D3500330646 /* AcceptIgnoreView.swift in Sources */ = {isa = PBXBuildFile; fileRef = 90CA09AE1E1B5D3400330646 /* AcceptIgnoreView.swift */; };
		90F5E3BF1E5CD376001399F6 /* Gender.swift in Sources */ = {isa = PBXBuildFile; fileRef = 90F5E3BE1E5CD376001399F6 /* Gender.swift */; };
		90F5E3C11E5CD5FA001399F6 /* MyProfileBackend.swift in Sources */ = {isa = PBXBuildFile; fileRef = 90F5E3C01E5CD5FA001399F6 /* MyProfileBackend.swift */; };
		90F5E3C31E5CDD5F001399F6 /* ExternalBackend.swift in Sources */ = {isa = PBXBuildFile; fileRef = 90F5E3C21E5CDD5F001399F6 /* ExternalBackend.swift */; };
		90F5E3C61E5CE0F9001399F6 /* ExternalLogic.swift in Sources */ = {isa = PBXBuildFile; fileRef = 90F5E3C51E5CE0F9001399F6 /* ExternalLogic.swift */; };
		CB5829471CAA26D900DC86C9 /* AppDelegate.swift in Sources */ = {isa = PBXBuildFile; fileRef = CB5829441CAA26D900DC86C9 /* AppDelegate.swift */; };
		CB5829481CAA26D900DC86C9 /* BridgeViewController.swift in Sources */ = {isa = PBXBuildFile; fileRef = CB5829451CAA26D900DC86C9 /* BridgeViewController.swift */; };
		CB6A32991CC483CD00FADB13 /* SingleMessageViewController.swift in Sources */ = {isa = PBXBuildFile; fileRef = CB6A32981CC483CC00FADB13 /* SingleMessageViewController.swift */; };
		CBEFCD6B1CE53F0200695B15 /* AccountSettingsTableViewController.swift in Sources */ = {isa = PBXBuildFile; fileRef = CBEFCD6A1CE53F0200695B15 /* AccountSettingsTableViewController.swift */; };
		E9D6DF091D78808900138A1F /* NewMessageTableCell.swift in Sources */ = {isa = PBXBuildFile; fileRef = E9D6DF081D78808900138A1F /* NewMessageTableCell.swift */; };
		E9D6DF111D7880C400138A1F /* MessagesTableCell.swift in Sources */ = {isa = PBXBuildFile; fileRef = E9D6DF101D7880C400138A1F /* MessagesTableCell.swift */; };
		E9D6DF151D7880EA00138A1F /* Bolts.framework in Frameworks */ = {isa = PBXBuildFile; fileRef = E9D6DF141D7880EA00138A1F /* Bolts.framework */; };
		E9D6DF171D7880FC00138A1F /* FBSDKCoreKit.framework in Frameworks */ = {isa = PBXBuildFile; fileRef = E9D6DF161D7880FC00138A1F /* FBSDKCoreKit.framework */; };
		E9D6DF191D78810100138A1F /* FBSDKLoginKit.framework in Frameworks */ = {isa = PBXBuildFile; fileRef = E9D6DF181D78810100138A1F /* FBSDKLoginKit.framework */; };
		E9D6DF1B1D78810800138A1F /* ParseFacebookUtilsV4.framework in Frameworks */ = {isa = PBXBuildFile; fileRef = E9D6DF1A1D78810800138A1F /* ParseFacebookUtilsV4.framework */; };
		E9D6DF1D1D78810F00138A1F /* ParseUI.framework in Frameworks */ = {isa = PBXBuildFile; fileRef = E9D6DF1C1D78810F00138A1F /* ParseUI.framework */; };
		E9D6DF1F1D78811900138A1F /* Parse.framework in Frameworks */ = {isa = PBXBuildFile; fileRef = E9D6DF1E1D78811900138A1F /* Parse.framework */; };
		E9D6DF511D78836200138A1F /* SingleMessageContent.swift in Sources */ = {isa = PBXBuildFile; fileRef = E9D6DF4F1D78836200138A1F /* SingleMessageContent.swift */; };
		E9D6DF521D78836200138A1F /* SingleMessageTableCell.swift in Sources */ = {isa = PBXBuildFile; fileRef = E9D6DF501D78836200138A1F /* SingleMessageTableCell.swift */; };
		E9D6DF571D7883FD00138A1F /* MyBridgeAppDataModel.xcdatamodeld in Sources */ = {isa = PBXBuildFile; fileRef = E9D6DF551D7883FD00138A1F /* MyBridgeAppDataModel.xcdatamodeld */; };
		F5E62C9E5752580839560F1D /* Pods_MyBridgeApp.framework in Frameworks */ = {isa = PBXBuildFile; fileRef = E713802418DFAB7F52236C40 /* Pods_MyBridgeApp.framework */; };
/* End PBXBuildFile section */

/* Begin PBXFileReference section */
		1BB6AE301D5D24A800EC2E1B /* MessageContent.swift */ = {isa = PBXFileReference; fileEncoding = 4; lastKnownFileType = sourcecode.swift; name = MessageContent.swift; path = MyBridgeApp/MessageContent.swift; sourceTree = SOURCE_ROOT; };
		300A1D7D1E53EB6C0071FED7 /* LoginLayout.swift */ = {isa = PBXFileReference; fileEncoding = 4; lastKnownFileType = sourcecode.swift; name = LoginLayout.swift; path = "Custom Classes/UI Functions/LoginLayout.swift"; sourceTree = "<group>"; };
		300A1D811E53F9EF0071FED7 /* LoginViewController.swift */ = {isa = PBXFileReference; fileEncoding = 4; lastKnownFileType = sourcecode.swift; name = LoginViewController.swift; path = MyBridgeApp/LoginViewController.swift; sourceTree = SOURCE_ROOT; };
		301B1C501E036A0100D507B8 /* OldAccessViewController.swift */ = {isa = PBXFileReference; fileEncoding = 4; lastKnownFileType = sourcecode.swift; name = OldAccessViewController.swift; path = MyBridgeApp/OldAccessViewController.swift; sourceTree = SOURCE_ROOT; };
		302799D31E57684D00AFFB90 /* PrivacyPolicyViewController.swift */ = {isa = PBXFileReference; fileEncoding = 4; lastKnownFileType = sourcecode.swift; name = PrivacyPolicyViewController.swift; path = MyBridgeApp/PrivacyPolicyViewController.swift; sourceTree = SOURCE_ROOT; };
		302799D51E5768E400AFFB90 /* PrivacyPolicyLayout.swift */ = {isa = PBXFileReference; fileEncoding = 4; lastKnownFileType = sourcecode.swift; name = PrivacyPolicyLayout.swift; path = "Custom Classes/UI Functions/PrivacyPolicyLayout.swift"; sourceTree = "<group>"; };
		302799D71E5768F800AFFB90 /* PrivacyPolicyObjects.swift */ = {isa = PBXFileReference; fileEncoding = 4; lastKnownFileType = sourcecode.swift; name = PrivacyPolicyObjects.swift; path = "Custom Classes/UI Functions/PrivacyPolicyObjects.swift"; sourceTree = "<group>"; };
		302799D91E579FC300AFFB90 /* SwipeViewController.swift */ = {isa = PBXFileReference; fileEncoding = 4; lastKnownFileType = sourcecode.swift; name = SwipeViewController.swift; path = MyBridgeApp/SwipeViewController.swift; sourceTree = SOURCE_ROOT; };
		302799DB1E57A71800AFFB90 /* SwipeLayout.swift */ = {isa = PBXFileReference; fileEncoding = 4; lastKnownFileType = sourcecode.swift; name = SwipeLayout.swift; path = "Custom Classes/UI Functions/SwipeLayout.swift"; sourceTree = "<group>"; };
		302799DD1E57A72700AFFB90 /* SwipeObjects.swift */ = {isa = PBXFileReference; fileEncoding = 4; lastKnownFileType = sourcecode.swift; name = SwipeObjects.swift; path = "Custom Classes/UI Functions/SwipeObjects.swift"; sourceTree = "<group>"; };
		3030C0B01DD54E3F0077F7AC /* LocalData.swift */ = {isa = PBXFileReference; fileEncoding = 4; lastKnownFileType = sourcecode.swift; name = LocalData.swift; path = "Custom Classes/Data Storage/LocalData.swift"; sourceTree = "<group>"; };
		3030C0B11DD54E3F0077F7AC /* LocalStorageUtility.swift */ = {isa = PBXFileReference; fileEncoding = 4; lastKnownFileType = sourcecode.swift; name = LocalStorageUtility.swift; path = "Custom Classes/Data Storage/LocalStorageUtility.swift"; sourceTree = "<group>"; };
		3030C0B21DD54E3F0077F7AC /* PairInfo.swift */ = {isa = PBXFileReference; fileEncoding = 4; lastKnownFileType = sourcecode.swift; name = PairInfo.swift; path = "Custom Classes/Data Storage/PairInfo.swift"; sourceTree = "<group>"; };
		3030C0B31DD54E3F0077F7AC /* UserInfo.swift */ = {isa = PBXFileReference; fileEncoding = 4; lastKnownFileType = sourcecode.swift; name = UserInfo.swift; path = "Custom Classes/Data Storage/UserInfo.swift"; sourceTree = "<group>"; };
		3030C0B41DD54E3F0077F7AC /* UserInfoPair.swift */ = {isa = PBXFileReference; fileEncoding = 4; lastKnownFileType = sourcecode.swift; name = UserInfoPair.swift; path = "Custom Classes/Data Storage/UserInfoPair.swift"; sourceTree = "<group>"; };
		3030C0BE1DD54E5E0077F7AC /* CustomKeyboard.swift */ = {isa = PBXFileReference; fileEncoding = 4; lastKnownFileType = sourcecode.swift; name = CustomKeyboard.swift; path = "Custom Classes/Custom Views/CustomKeyboard.swift"; sourceTree = "<group>"; };
		3030C0BF1DD54E5E0077F7AC /* NecterNavigationBar.swift */ = {isa = PBXFileReference; fileEncoding = 4; lastKnownFileType = sourcecode.swift; name = NecterNavigationBar.swift; path = "Custom Classes/Custom Views/NecterNavigationBar.swift"; sourceTree = "<group>"; };
		3030C0C01DD54E5E0077F7AC /* CustomSearchBar.swift */ = {isa = PBXFileReference; fileEncoding = 4; lastKnownFileType = sourcecode.swift; name = CustomSearchBar.swift; path = "Custom Classes/Custom Views/CustomSearchBar.swift"; sourceTree = "<group>"; };
		3030C0C11DD54E5E0077F7AC /* MissionControlView.swift */ = {isa = PBXFileReference; fileEncoding = 4; lastKnownFileType = sourcecode.swift; name = MissionControlView.swift; path = "Custom Classes/Custom Views/MissionControlView.swift"; sourceTree = "<group>"; };
		3030C0CA1DD54E8F0077F7AC /* CustomTimer.swift */ = {isa = PBXFileReference; fileEncoding = 4; lastKnownFileType = sourcecode.swift; name = CustomTimer.swift; path = "Custom Classes/Custom Functions/CustomTimer.swift"; sourceTree = "<group>"; };
		3030C0CB1DD54E8F0077F7AC /* Downloader.swift */ = {isa = PBXFileReference; fileEncoding = 4; lastKnownFileType = sourcecode.swift; name = Downloader.swift; path = "Custom Classes/Custom Functions/Downloader.swift"; sourceTree = "<group>"; };
		3030C0CC1DD54E8F0077F7AC /* modelName.swift */ = {isa = PBXFileReference; fileEncoding = 4; lastKnownFileType = sourcecode.swift; name = modelName.swift; path = "Custom Classes/Custom Functions/modelName.swift"; sourceTree = "<group>"; };
		3030C0D01DD54E9C0077F7AC /* DisplayUtility.swift */ = {isa = PBXFileReference; fileEncoding = 4; lastKnownFileType = sourcecode.swift; name = DisplayUtility.swift; path = "Custom Classes/UI Functions/DisplayUtility.swift"; sourceTree = "<group>"; };
		3030C0D11DD54E9C0077F7AC /* TransitionManager.swift */ = {isa = PBXFileReference; fileEncoding = 4; lastKnownFileType = sourcecode.swift; name = TransitionManager.swift; path = "Custom Classes/UI Functions/TransitionManager.swift"; sourceTree = "<group>"; };
		3030C0D41DD550240077F7AC /* SwipeCard.swift */ = {isa = PBXFileReference; fileEncoding = 4; lastKnownFileType = sourcecode.swift; name = SwipeCard.swift; path = "Custom Classes/Custom Views/SwipeCard.swift"; sourceTree = "<group>"; };
		303139081E65D6E300F8D9BF /* ReusableObjects.swift */ = {isa = PBXFileReference; fileEncoding = 4; lastKnownFileType = sourcecode.swift; name = ReusableObjects.swift; path = "Custom Classes/UI Functions/ReusableObjects.swift"; sourceTree = "<group>"; };
		304FEBDA1DDE40A200B3A8A7 /* PFCloudFunctions.swift */ = {isa = PBXFileReference; fileEncoding = 4; lastKnownFileType = sourcecode.swift; name = PFCloudFunctions.swift; path = "Custom Classes/Backend Communication/PFCloudFunctions.swift"; sourceTree = "<group>"; };
		304FEBDC1DDE413500B3A8A7 /* DBSavingFunctions.swift */ = {isa = PBXFileReference; fileEncoding = 4; lastKnownFileType = sourcecode.swift; name = DBSavingFunctions.swift; path = "Custom Classes/Backend Communication/DBSavingFunctions.swift"; sourceTree = "<group>"; };
		304FEBE01DE3918E00B3A8A7 /* DashedLine.swift */ = {isa = PBXFileReference; fileEncoding = 4; lastKnownFileType = sourcecode.swift; name = DashedLine.swift; path = "Custom Classes/Custom Views/DashedLine.swift"; sourceTree = "<group>"; };
		304FEBE21DE498A300B3A8A7 /* SendingNotificationView.swift */ = {isa = PBXFileReference; fileEncoding = 4; lastKnownFileType = sourcecode.swift; name = SendingNotificationView.swift; path = "Custom Classes/Custom Views/SendingNotificationView.swift"; sourceTree = "<group>"; };
		304FEBE61DE49EFD00B3A8A7 /* CircleView.swift */ = {isa = PBXFileReference; fileEncoding = 4; lastKnownFileType = sourcecode.swift; name = CircleView.swift; path = "Custom Classes/Custom Views/CircleView.swift"; sourceTree = "<group>"; };
		3059ABF11DEC72FB0010A81B /* TrendingView.swift */ = {isa = PBXFileReference; fileEncoding = 4; lastKnownFileType = sourcecode.swift; name = TrendingView.swift; path = "Custom Classes/Custom Views/TrendingView.swift"; sourceTree = "<group>"; };
		305A97C61DAC52600045B4F3 /* MyBridgeApp.entitlements */ = {isa = PBXFileReference; lastKnownFileType = text.plist.entitlements; name = MyBridgeApp.entitlements; path = MyBridgeApp/MyBridgeApp.entitlements; sourceTree = SOURCE_ROOT; };
		306BD21E1E4416100020C4BA /* Reachability.swift */ = {isa = PBXFileReference; fileEncoding = 4; lastKnownFileType = sourcecode.swift; name = Reachability.swift; path = "Custom Classes/Custom Functions/Reachability.swift"; sourceTree = "<group>"; };
		3079EB241E54FACD008AB6E5 /* LoginObjects.swift */ = {isa = PBXFileReference; fileEncoding = 4; lastKnownFileType = sourcecode.swift; name = LoginObjects.swift; path = "Custom Classes/UI Functions/LoginObjects.swift"; sourceTree = "<group>"; };
		307A7F5B1D46620C00858F96 /* ProfileTableViewCell.swift */ = {isa = PBXFileReference; fileEncoding = 4; lastKnownFileType = sourcecode.swift; name = ProfileTableViewCell.swift; path = MyBridgeApp/ProfileTableViewCell.swift; sourceTree = SOURCE_ROOT; };
		307A7F5D1D46763000858F96 /* ProfileTableViewCell2.swift */ = {isa = PBXFileReference; fileEncoding = 4; lastKnownFileType = sourcecode.swift; name = ProfileTableViewCell2.swift; path = MyBridgeApp/ProfileTableViewCell2.swift; sourceTree = SOURCE_ROOT; };
		3080202B1E6649080091E63D /* MainPageViewController.swift */ = {isa = PBXFileReference; fileEncoding = 4; lastKnownFileType = sourcecode.swift; name = MainPageViewController.swift; path = MyBridgeApp/MainPageViewController.swift; sourceTree = SOURCE_ROOT; };
		30A726F11E2683850070B620 /* Main.storyboard */ = {isa = PBXFileReference; fileEncoding = 4; lastKnownFileType = file.storyboard; name = Main.storyboard; path = MyBridgeApp/Main.storyboard; sourceTree = SOURCE_ROOT; };
		30A726FB1E27D9160070B620 /* UserSettingsViewController.swift */ = {isa = PBXFileReference; fileEncoding = 4; lastKnownFileType = sourcecode.swift; name = UserSettingsViewController.swift; path = MyBridgeApp/UserSettingsViewController.swift; sourceTree = SOURCE_ROOT; };
		30A727031E293A9A0070B620 /* OldMessagesViewController.swift */ = {isa = PBXFileReference; fileEncoding = 4; lastKnownFileType = sourcecode.swift; name = OldMessagesViewController.swift; path = MyBridgeApp/OldMessagesViewController.swift; sourceTree = SOURCE_ROOT; };
		30A727051E29540F0070B620 /* MessageComposer.swift */ = {isa = PBXFileReference; fileEncoding = 4; lastKnownFileType = sourcecode.swift; name = MessageComposer.swift; path = "Custom Classes/Custom Views/MessageComposer.swift"; sourceTree = "<group>"; };
		30A727091E2EF7550070B620 /* SignupViewController.swift */ = {isa = PBXFileReference; fileEncoding = 4; lastKnownFileType = sourcecode.swift; name = SignupViewController.swift; path = MyBridgeApp/SignupViewController.swift; sourceTree = SOURCE_ROOT; };
		30AA7D641DDCD0CE00DD344D /* NewMatchesView.swift */ = {isa = PBXFileReference; fileEncoding = 4; lastKnownFileType = sourcecode.swift; name = NewMatchesView.swift; path = "Custom Classes/Custom Views/NewMatchesView.swift"; sourceTree = "<group>"; };
		30B8D98E1E22F17D00624D52 /* AcceptedConnectionNotification.swift */ = {isa = PBXFileReference; fileEncoding = 4; lastKnownFileType = sourcecode.swift; name = AcceptedConnectionNotification.swift; path = "Custom Classes/Custom Views/AcceptedConnectionNotification.swift"; sourceTree = "<group>"; };
		30B8D9921E23FA4B00624D52 /* DBRetrievingFunctions.swift */ = {isa = PBXFileReference; fileEncoding = 4; lastKnownFileType = sourcecode.swift; name = DBRetrievingFunctions.swift; path = "Custom Classes/Backend Communication/DBRetrievingFunctions.swift"; sourceTree = "<group>"; };
		30BAE9A11E31B9210094070B /* MessagingFunctions.swift */ = {isa = PBXFileReference; fileEncoding = 4; lastKnownFileType = sourcecode.swift; name = MessagingFunctions.swift; path = "Custom Classes/Custom Functions/MessagingFunctions.swift"; sourceTree = "<group>"; };
		30BF6FEA1E5BDB700008C2B5 /* MyProfileViewController.swift */ = {isa = PBXFileReference; fileEncoding = 4; lastKnownFileType = sourcecode.swift; name = MyProfileViewController.swift; path = MyBridgeApp/MyProfileViewController.swift; sourceTree = SOURCE_ROOT; };
		30BF6FEC1E5BDB8A0008C2B5 /* MyProfileLayout.swift */ = {isa = PBXFileReference; fileEncoding = 4; lastKnownFileType = sourcecode.swift; name = MyProfileLayout.swift; path = "Custom Classes/UI Functions/MyProfileLayout.swift"; sourceTree = "<group>"; };
		30BF6FEE1E5BDBA40008C2B5 /* MyProfileObjects.swift */ = {isa = PBXFileReference; fileEncoding = 4; lastKnownFileType = sourcecode.swift; name = MyProfileObjects.swift; path = "Custom Classes/UI Functions/MyProfileObjects.swift"; sourceTree = "<group>"; };
		30BF6FF01E5BDD860008C2B5 /* MessagesViewController.swift */ = {isa = PBXFileReference; fileEncoding = 4; lastKnownFileType = sourcecode.swift; name = MessagesViewController.swift; path = MyBridgeApp/MessagesViewController.swift; sourceTree = SOURCE_ROOT; };
		30BF6FF21E5BDDAB0008C2B5 /* MessagesLayout.swift */ = {isa = PBXFileReference; fileEncoding = 4; lastKnownFileType = sourcecode.swift; name = MessagesLayout.swift; path = "Custom Classes/UI Functions/MessagesLayout.swift"; sourceTree = "<group>"; };
		30BF6FF41E5BDDBD0008C2B5 /* MessagesObjects.swift */ = {isa = PBXFileReference; fileEncoding = 4; lastKnownFileType = sourcecode.swift; name = MessagesObjects.swift; path = "Custom Classes/UI Functions/MessagesObjects.swift"; sourceTree = "<group>"; };
		30BF6FF61E5BDE7A0008C2B5 /* ThreadViewController.swift */ = {isa = PBXFileReference; fileEncoding = 4; lastKnownFileType = sourcecode.swift; name = ThreadViewController.swift; path = MyBridgeApp/ThreadViewController.swift; sourceTree = SOURCE_ROOT; };
		30BF6FF81E5BDEA50008C2B5 /* ThreadLayout.swift */ = {isa = PBXFileReference; fileEncoding = 4; lastKnownFileType = sourcecode.swift; name = ThreadLayout.swift; path = "Custom Classes/UI Functions/ThreadLayout.swift"; sourceTree = "<group>"; };
		30BF6FFA1E5BDEB40008C2B5 /* ThreadObjects.swift */ = {isa = PBXFileReference; fileEncoding = 4; lastKnownFileType = sourcecode.swift; name = ThreadObjects.swift; path = "Custom Classes/UI Functions/ThreadObjects.swift"; sourceTree = "<group>"; };
		30BF6FFC1E5BDF530008C2B5 /* EditProfileViewController.swift */ = {isa = PBXFileReference; fileEncoding = 4; lastKnownFileType = sourcecode.swift; name = EditProfileViewController.swift; path = MyBridgeApp/EditProfileViewController.swift; sourceTree = SOURCE_ROOT; };
		30BF6FFE1E5BDF710008C2B5 /* EditProfileLayout.swift */ = {isa = PBXFileReference; fileEncoding = 4; lastKnownFileType = sourcecode.swift; name = EditProfileLayout.swift; path = "Custom Classes/UI Functions/EditProfileLayout.swift"; sourceTree = "<group>"; };
		30BF70001E5BDF820008C2B5 /* EditProfileObjects.swift */ = {isa = PBXFileReference; fileEncoding = 4; lastKnownFileType = sourcecode.swift; name = EditProfileObjects.swift; path = "Custom Classes/UI Functions/EditProfileObjects.swift"; sourceTree = "<group>"; };
		30BF70021E5BE2B20008C2B5 /* ExternalProfileViewController.swift */ = {isa = PBXFileReference; fileEncoding = 4; lastKnownFileType = sourcecode.swift; name = ExternalProfileViewController.swift; path = MyBridgeApp/ExternalProfileViewController.swift; sourceTree = SOURCE_ROOT; };
		30BF70061E5BE2FD0008C2B5 /* ExternalProfileObjects.swift */ = {isa = PBXFileReference; fileEncoding = 4; lastKnownFileType = sourcecode.swift; name = ExternalProfileObjects.swift; path = "Custom Classes/UI Functions/ExternalProfileObjects.swift"; sourceTree = "<group>"; };
		30BF700A1E5C95C60008C2B5 /* SettingsViewController.swift */ = {isa = PBXFileReference; fileEncoding = 4; lastKnownFileType = sourcecode.swift; name = SettingsViewController.swift; path = MyBridgeApp/SettingsViewController.swift; sourceTree = SOURCE_ROOT; };
		30BF700C1E5C95F60008C2B5 /* SettingsLayout.swift */ = {isa = PBXFileReference; fileEncoding = 4; lastKnownFileType = sourcecode.swift; name = SettingsLayout.swift; path = "Custom Classes/UI Functions/SettingsLayout.swift"; sourceTree = "<group>"; };
		30BF700E1E5C960C0008C2B5 /* SettingsObjects.swift */ = {isa = PBXFileReference; fileEncoding = 4; lastKnownFileType = sourcecode.swift; name = SettingsObjects.swift; path = "Custom Classes/UI Functions/SettingsObjects.swift"; sourceTree = "<group>"; };
		30BFA0B01E4BBB9600A17F5E /* FacebookFunctions.swift */ = {isa = PBXFileReference; fileEncoding = 4; lastKnownFileType = sourcecode.swift; name = FacebookFunctions.swift; path = "Custom Classes/Backend Communication/FBCommunication/FacebookFunctions.swift"; sourceTree = "<group>"; };
		30BFA0B11E4BBB9600A17F5E /* FBLogin.swift */ = {isa = PBXFileReference; fileEncoding = 4; lastKnownFileType = sourcecode.swift; name = FBLogin.swift; path = "Custom Classes/Backend Communication/FBCommunication/FBLogin.swift"; sourceTree = "<group>"; };
		30BFA0B41E4CCC1500A17F5E /* BridgeType.swift */ = {isa = PBXFileReference; fileEncoding = 4; lastKnownFileType = sourcecode.swift; name = BridgeType.swift; path = Types/BridgeType.swift; sourceTree = "<group>"; };
		30BFA0BC1E4CD60D00A17F5E /* MessagesTitleTableViewCell.swift */ = {isa = PBXFileReference; fileEncoding = 4; lastKnownFileType = sourcecode.swift; name = MessagesTitleTableViewCell.swift; path = MyBridgeApp/MessagesTitleTableViewCell.swift; sourceTree = SOURCE_ROOT; };
		30D82B5B1E6F92E3000F7075 /* WebViewController.swift */ = {isa = PBXFileReference; fileEncoding = 4; lastKnownFileType = sourcecode.swift; name = WebViewController.swift; path = MyBridgeApp/WebViewController.swift; sourceTree = SOURCE_ROOT; };
		30D82B5F1E6FC7E6000F7075 /* LoginBackend.swift */ = {isa = PBXFileReference; fileEncoding = 4; lastKnownFileType = sourcecode.swift; name = LoginBackend.swift; path = "Custom Classes/Backend Communication/LoginBackend.swift"; sourceTree = "<group>"; };
		30D82B611E6FCFC1000F7075 /* PopupView.swift */ = {isa = PBXFileReference; fileEncoding = 4; lastKnownFileType = sourcecode.swift; name = PopupView.swift; path = "Custom Classes/Custom Views/PopupView.swift"; sourceTree = "<group>"; };
		30D82B631E70D611000F7075 /* PopupObjects.swift */ = {isa = PBXFileReference; fileEncoding = 4; lastKnownFileType = sourcecode.swift; name = PopupObjects.swift; path = "Custom Classes/UI Functions/PopupObjects.swift"; sourceTree = "<group>"; };
		30D82B651E73306D000F7075 /* EditProfileInfoViewController.swift */ = {isa = PBXFileReference; fileEncoding = 4; lastKnownFileType = sourcecode.swift; name = EditProfileInfoViewController.swift; path = MyBridgeApp/EditProfileInfoViewController.swift; sourceTree = SOURCE_ROOT; };
		30D82B671E7330C6000F7075 /* EditProfileInfoObjects.swift */ = {isa = PBXFileReference; fileEncoding = 4; lastKnownFileType = sourcecode.swift; name = EditProfileInfoObjects.swift; path = "Custom Classes/UI Functions/EditProfileInfoObjects.swift"; sourceTree = SOURCE_ROOT; };
		30D82B6B1E73310A000F7075 /* EditProfileInfoLayout.swift */ = {isa = PBXFileReference; fileEncoding = 4; lastKnownFileType = sourcecode.swift; name = EditProfileInfoLayout.swift; path = "Custom Classes/UI Functions/EditProfileInfoLayout.swift"; sourceTree = "<group>"; };
		30D82B6D1E733118000F7075 /* ExternalProfileLayout.swift */ = {isa = PBXFileReference; fileEncoding = 4; lastKnownFileType = sourcecode.swift; name = ExternalProfileLayout.swift; path = "Custom Classes/UI Functions/ExternalProfileLayout.swift"; sourceTree = "<group>"; };
		30E2AF6F1DD644600023AA95 /* HalfSwipeCard.swift */ = {isa = PBXFileReference; fileEncoding = 4; lastKnownFileType = sourcecode.swift; name = HalfSwipeCard.swift; path = "Custom Classes/Custom Views/HalfSwipeCard.swift"; sourceTree = "<group>"; };
		30E2AF731DDA156C0023AA95 /* BentonSans-Bold.otf */ = {isa = PBXFileReference; lastKnownFileType = file; path = "BentonSans-Bold.otf"; sourceTree = "<group>"; };
		30E2AF741DDA156C0023AA95 /* BentonSans-Light.otf */ = {isa = PBXFileReference; lastKnownFileType = file; path = "BentonSans-Light.otf"; sourceTree = "<group>"; };
		30E2AF771DDA2AB70023AA95 /* ReasonForConnection.swift */ = {isa = PBXFileReference; fileEncoding = 4; lastKnownFileType = sourcecode.swift; name = ReasonForConnection.swift; path = "Custom Classes/Custom Views/ReasonForConnection.swift"; sourceTree = "<group>"; };
		49DBC5D84C119536F5E4F525 /* Pods-MyBridgeApp.debug.xcconfig */ = {isa = PBXFileReference; includeInIndex = 1; lastKnownFileType = text.xcconfig; name = "Pods-MyBridgeApp.debug.xcconfig"; path = "Pods/Target Support Files/Pods-MyBridgeApp/Pods-MyBridgeApp.debug.xcconfig"; sourceTree = "<group>"; };
		67AD26D51E31353400252575 /* Constants.swift */ = {isa = PBXFileReference; fileEncoding = 4; lastKnownFileType = sourcecode.swift; name = Constants.swift; path = MyBridgeApp/Constants.swift; sourceTree = "<group>"; };
		814C3AC81B69877600E307BB /* Images.xcassets */ = {isa = PBXFileReference; lastKnownFileType = folder.assetcatalog; path = Images.xcassets; sourceTree = "<group>"; };
		814C3AC91B69877600E307BB /* Info.plist */ = {isa = PBXFileReference; fileEncoding = 4; lastKnownFileType = text.plist.xml; path = Info.plist; sourceTree = "<group>"; };
		81BA81451A49DA1800E65899 /* MyBridgeApp.app */ = {isa = PBXFileReference; explicitFileType = wrapper.application; includeInIndex = 0; path = MyBridgeApp.app; sourceTree = BUILT_PRODUCTS_DIR; };
		81BA81761A49E0D500E65899 /* libsqlite3.dylib */ = {isa = PBXFileReference; lastKnownFileType = "compiled.mach-o.dylib"; name = libsqlite3.dylib; path = usr/lib/libsqlite3.dylib; sourceTree = SDKROOT; };
		81BA81781A49E0DB00E65899 /* AudioToolbox.framework */ = {isa = PBXFileReference; lastKnownFileType = wrapper.framework; name = AudioToolbox.framework; path = System/Library/Frameworks/AudioToolbox.framework; sourceTree = SDKROOT; };
		81BA817A1A49E0E500E65899 /* SystemConfiguration.framework */ = {isa = PBXFileReference; lastKnownFileType = wrapper.framework; name = SystemConfiguration.framework; path = System/Library/Frameworks/SystemConfiguration.framework; sourceTree = SDKROOT; };
		81BA817E1A49E0F000E65899 /* libstdc++.6.dylib */ = {isa = PBXFileReference; lastKnownFileType = "compiled.mach-o.dylib"; name = "libstdc++.6.dylib"; path = "usr/lib/libstdc++.6.dylib"; sourceTree = SDKROOT; };
		9021CC441E3A53C400720260 /* ProfileNavBar.swift */ = {isa = PBXFileReference; fileEncoding = 4; lastKnownFileType = sourcecode.swift; path = ProfileNavBar.swift; sourceTree = "<group>"; };
		9021CC461E3A541000720260 /* ProfileHexagons.swift */ = {isa = PBXFileReference; fileEncoding = 4; lastKnownFileType = sourcecode.swift; path = ProfileHexagons.swift; sourceTree = "<group>"; };
		9021CC481E3A548600720260 /* ProfileStatusButtons.swift */ = {isa = PBXFileReference; fileEncoding = 4; lastKnownFileType = sourcecode.swift; path = ProfileStatusButtons.swift; sourceTree = "<group>"; };
		9026A0671DDF83F1007CE4D9 /* NewMatch.swift */ = {isa = PBXFileReference; fileEncoding = 4; lastKnownFileType = sourcecode.swift; name = NewMatch.swift; path = "Custom Classes/Data Storage/NewMatch.swift"; sourceTree = "<group>"; };
		9028FA3D1E4D2CC7002CC80F /* ReportUserMenu.swift */ = {isa = PBXFileReference; fileEncoding = 4; lastKnownFileType = sourcecode.swift; name = ReportUserMenu.swift; path = "Custom Classes/Custom Views/ReportUserMenu.swift"; sourceTree = "<group>"; };
		9032B4531E311B0600136408 /* ProfilePicturesView.swift */ = {isa = PBXFileReference; fileEncoding = 4; lastKnownFileType = sourcecode.swift; name = ProfilePicturesView.swift; path = "Custom Classes/Custom Views/ProfilePicturesView.swift"; sourceTree = "<group>"; };
		9032B4551E31249C00136408 /* OtherProfileViewController.swift */ = {isa = PBXFileReference; fileEncoding = 4; lastKnownFileType = sourcecode.swift; name = OtherProfileViewController.swift; path = MyBridgeApp/OtherProfileViewController.swift; sourceTree = SOURCE_ROOT; };
		903477B81E60C3C4007E2CAE /* MessagesTableDelegate.swift */ = {isa = PBXFileReference; fileEncoding = 4; lastKnownFileType = sourcecode.swift; path = MessagesTableDelegate.swift; sourceTree = "<group>"; };
		903477BA1E652CB8007E2CAE /* SwipeBackend.swift */ = {isa = PBXFileReference; fileEncoding = 4; lastKnownFileType = sourcecode.swift; path = SwipeBackend.swift; sourceTree = "<group>"; };
		903477BC1E653454007E2CAE /* SwipeLogic.swift */ = {isa = PBXFileReference; fileEncoding = 4; lastKnownFileType = sourcecode.swift; path = SwipeLogic.swift; sourceTree = "<group>"; };
		9043B7771E56ABC100D76BCE /* BridgePairing.swift */ = {isa = PBXFileReference; fileEncoding = 4; lastKnownFileType = sourcecode.swift; path = BridgePairing.swift; sourceTree = "<group>"; };
		9043B7781E56ABC100D76BCE /* Message.swift */ = {isa = PBXFileReference; fileEncoding = 4; lastKnownFileType = sourcecode.swift; path = Message.swift; sourceTree = "<group>"; };
		9043B7791E56ABC100D76BCE /* Picture.swift */ = {isa = PBXFileReference; fileEncoding = 4; lastKnownFileType = sourcecode.swift; path = Picture.swift; sourceTree = "<group>"; };
		9043B77A1E56ABC100D76BCE /* User.swift */ = {isa = PBXFileReference; fileEncoding = 4; lastKnownFileType = sourcecode.swift; path = User.swift; sourceTree = "<group>"; };
		90512CF11E26A8D900D293BD /* OldEditProfileViewController.swift */ = {isa = PBXFileReference; fileEncoding = 4; lastKnownFileType = sourcecode.swift; name = OldEditProfileViewController.swift; path = MyBridgeApp/OldEditProfileViewController.swift; sourceTree = SOURCE_ROOT; };
		906383E91E6FB1E700D901EA /* EditProfileBackend.swift */ = {isa = PBXFileReference; fileEncoding = 4; lastKnownFileType = sourcecode.swift; name = EditProfileBackend.swift; path = "Custom Classes/Backend Communication/EditProfileBackend.swift"; sourceTree = "<group>"; };
		9067C8471E6F51DF00465276 /* EditProfilePicturesTableViewCell.swift */ = {isa = PBXFileReference; fileEncoding = 4; lastKnownFileType = sourcecode.swift; name = EditProfilePicturesTableViewCell.swift; path = MyBridgeApp/EditProfilePicturesTableViewCell.swift; sourceTree = SOURCE_ROOT; };
		9067C8491E6F969B00465276 /* EditProfileLogic.swift */ = {isa = PBXFileReference; fileEncoding = 4; lastKnownFileType = sourcecode.swift; path = EditProfileLogic.swift; sourceTree = "<group>"; };
		907201421E41D96B00A77BC4 /* CropImageViewController.swift */ = {isa = PBXFileReference; fileEncoding = 4; lastKnownFileType = sourcecode.swift; name = CropImageViewController.swift; path = MyBridgeApp/CropImageViewController.swift; sourceTree = SOURCE_ROOT; };
		907201461E4316B500A77BC4 /* FacebookImagePickerController.swift */ = {isa = PBXFileReference; fileEncoding = 4; lastKnownFileType = sourcecode.swift; name = FacebookImagePickerController.swift; path = MyBridgeApp/FacebookImagePickerController.swift; sourceTree = SOURCE_ROOT; };
		907F605A1E724EEB00CB1097 /* ChatViewController.swift */ = {isa = PBXFileReference; fileEncoding = 4; lastKnownFileType = sourcecode.swift; path = ChatViewController.swift; sourceTree = SOURCE_ROOT; };
		907F605C1E7263B800CB1097 /* SingleMessage.swift */ = {isa = PBXFileReference; fileEncoding = 4; lastKnownFileType = sourcecode.swift; path = SingleMessage.swift; sourceTree = "<group>"; };
		90AB6B101E5E1BAE00EBEBC0 /* MessagesBackend.swift */ = {isa = PBXFileReference; fileEncoding = 4; lastKnownFileType = sourcecode.swift; name = MessagesBackend.swift; path = "Custom Classes/Backend Communication/MessagesBackend.swift"; sourceTree = "<group>"; };
		90AB6B121E60A01000EBEBC0 /* MessagesLogic.swift */ = {isa = PBXFileReference; fileEncoding = 4; lastKnownFileType = sourcecode.swift; path = MessagesLogic.swift; sourceTree = "<group>"; };
		90AD62271E2E259D001F1074 /* ProfilePicturesViewController.swift */ = {isa = PBXFileReference; fileEncoding = 4; lastKnownFileType = sourcecode.swift; name = ProfilePicturesViewController.swift; path = MyBridgeApp/ProfilePicturesViewController.swift; sourceTree = SOURCE_ROOT; };
		90C931021DF9BAEE00D25740 /* FilterInfo.swift */ = {isa = PBXFileReference; fileEncoding = 4; lastKnownFileType = sourcecode.swift; name = FilterInfo.swift; path = "Custom Classes/Data Storage/FilterInfo.swift"; sourceTree = "<group>"; };
		90CA09A81E0AF3C700330646 /* OldMyProfileViewController.swift */ = {isa = PBXFileReference; fileEncoding = 4; lastKnownFileType = sourcecode.swift; name = OldMyProfileViewController.swift; path = MyBridgeApp/OldMyProfileViewController.swift; sourceTree = SOURCE_ROOT; };
		90CA09AA1E0B080100330646 /* HexagonView.swift */ = {isa = PBXFileReference; fileEncoding = 4; lastKnownFileType = sourcecode.swift; name = HexagonView.swift; path = "Custom Classes/Custom Views/HexagonView.swift"; sourceTree = "<group>"; };
		90CA09AE1E1B5D3400330646 /* AcceptIgnoreView.swift */ = {isa = PBXFileReference; fileEncoding = 4; lastKnownFileType = sourcecode.swift; name = AcceptIgnoreView.swift; path = "Custom Classes/Custom Views/AcceptIgnoreView.swift"; sourceTree = "<group>"; };
		90F5E3BE1E5CD376001399F6 /* Gender.swift */ = {isa = PBXFileReference; fileEncoding = 4; lastKnownFileType = sourcecode.swift; name = Gender.swift; path = Types/Gender.swift; sourceTree = "<group>"; };
		90F5E3C01E5CD5FA001399F6 /* MyProfileBackend.swift */ = {isa = PBXFileReference; fileEncoding = 4; lastKnownFileType = sourcecode.swift; name = MyProfileBackend.swift; path = "Custom Classes/Backend Communication/MyProfileBackend.swift"; sourceTree = "<group>"; };
		90F5E3C21E5CDD5F001399F6 /* ExternalBackend.swift */ = {isa = PBXFileReference; fileEncoding = 4; lastKnownFileType = sourcecode.swift; name = ExternalBackend.swift; path = "Custom Classes/Backend Communication/ExternalBackend.swift"; sourceTree = "<group>"; };
		90F5E3C51E5CE0F9001399F6 /* ExternalLogic.swift */ = {isa = PBXFileReference; fileEncoding = 4; lastKnownFileType = sourcecode.swift; path = ExternalLogic.swift; sourceTree = "<group>"; };
		A406D97A77270C2F8022759D /* Pods-MyBridgeApp.release.xcconfig */ = {isa = PBXFileReference; includeInIndex = 1; lastKnownFileType = text.xcconfig; name = "Pods-MyBridgeApp.release.xcconfig"; path = "Pods/Target Support Files/Pods-MyBridgeApp/Pods-MyBridgeApp.release.xcconfig"; sourceTree = "<group>"; };
		CB5829441CAA26D900DC86C9 /* AppDelegate.swift */ = {isa = PBXFileReference; fileEncoding = 4; lastKnownFileType = sourcecode.swift; name = AppDelegate.swift; path = MyBridgeApp/AppDelegate.swift; sourceTree = SOURCE_ROOT; };
		CB5829451CAA26D900DC86C9 /* BridgeViewController.swift */ = {isa = PBXFileReference; fileEncoding = 4; lastKnownFileType = sourcecode.swift; name = BridgeViewController.swift; path = MyBridgeApp/BridgeViewController.swift; sourceTree = SOURCE_ROOT; };
		CB6A32981CC483CC00FADB13 /* SingleMessageViewController.swift */ = {isa = PBXFileReference; fileEncoding = 4; lastKnownFileType = sourcecode.swift; name = SingleMessageViewController.swift; path = MyBridgeApp/SingleMessageViewController.swift; sourceTree = SOURCE_ROOT; };
		CBEFCD6A1CE53F0200695B15 /* AccountSettingsTableViewController.swift */ = {isa = PBXFileReference; fileEncoding = 4; lastKnownFileType = sourcecode.swift; name = AccountSettingsTableViewController.swift; path = MyBridgeApp/AccountSettingsTableViewController.swift; sourceTree = SOURCE_ROOT; };
		E713802418DFAB7F52236C40 /* Pods_MyBridgeApp.framework */ = {isa = PBXFileReference; explicitFileType = wrapper.framework; includeInIndex = 0; path = Pods_MyBridgeApp.framework; sourceTree = BUILT_PRODUCTS_DIR; };
		E9D6DF081D78808900138A1F /* NewMessageTableCell.swift */ = {isa = PBXFileReference; fileEncoding = 4; lastKnownFileType = sourcecode.swift; name = NewMessageTableCell.swift; path = MyBridgeApp/NewMessageTableCell.swift; sourceTree = SOURCE_ROOT; };
		E9D6DF101D7880C400138A1F /* MessagesTableCell.swift */ = {isa = PBXFileReference; fileEncoding = 4; lastKnownFileType = sourcecode.swift; name = MessagesTableCell.swift; path = MyBridgeApp/MessagesTableCell.swift; sourceTree = SOURCE_ROOT; };
		E9D6DF141D7880EA00138A1F /* Bolts.framework */ = {isa = PBXFileReference; lastKnownFileType = wrapper.framework; name = Bolts.framework; path = Frameworks/Bolts.framework; sourceTree = "<group>"; };
		E9D6DF161D7880FC00138A1F /* FBSDKCoreKit.framework */ = {isa = PBXFileReference; lastKnownFileType = wrapper.framework; name = FBSDKCoreKit.framework; path = Frameworks/FBSDKCoreKit.framework; sourceTree = "<group>"; };
		E9D6DF181D78810100138A1F /* FBSDKLoginKit.framework */ = {isa = PBXFileReference; lastKnownFileType = wrapper.framework; name = FBSDKLoginKit.framework; path = Frameworks/FBSDKLoginKit.framework; sourceTree = "<group>"; };
		E9D6DF1A1D78810800138A1F /* ParseFacebookUtilsV4.framework */ = {isa = PBXFileReference; lastKnownFileType = wrapper.framework; name = ParseFacebookUtilsV4.framework; path = Frameworks/ParseFacebookUtilsV4.framework; sourceTree = "<group>"; };
		E9D6DF1C1D78810F00138A1F /* ParseUI.framework */ = {isa = PBXFileReference; lastKnownFileType = wrapper.framework; name = ParseUI.framework; path = Frameworks/ParseUI.framework; sourceTree = "<group>"; };
		E9D6DF1E1D78811900138A1F /* Parse.framework */ = {isa = PBXFileReference; lastKnownFileType = wrapper.framework; name = Parse.framework; path = Frameworks/Parse.framework; sourceTree = "<group>"; };
		E9D6DF4F1D78836200138A1F /* SingleMessageContent.swift */ = {isa = PBXFileReference; fileEncoding = 4; lastKnownFileType = sourcecode.swift; name = SingleMessageContent.swift; path = MyBridgeApp/SingleMessageContent.swift; sourceTree = SOURCE_ROOT; };
		E9D6DF501D78836200138A1F /* SingleMessageTableCell.swift */ = {isa = PBXFileReference; fileEncoding = 4; lastKnownFileType = sourcecode.swift; name = SingleMessageTableCell.swift; path = MyBridgeApp/SingleMessageTableCell.swift; sourceTree = SOURCE_ROOT; };
		E9D6DF561D7883FD00138A1F /* MyBridgeAppDataModel.xcdatamodel */ = {isa = PBXFileReference; lastKnownFileType = wrapper.xcdatamodel; path = MyBridgeAppDataModel.xcdatamodel; sourceTree = "<group>"; };
/* End PBXFileReference section */

/* Begin PBXFrameworksBuildPhase section */
		81BA81421A49DA1800E65899 /* Frameworks */ = {
			isa = PBXFrameworksBuildPhase;
			buildActionMask = 2147483647;
			files = (
				E9D6DF171D7880FC00138A1F /* FBSDKCoreKit.framework in Frameworks */,
				E9D6DF1B1D78810800138A1F /* ParseFacebookUtilsV4.framework in Frameworks */,
				81BA817F1A49E0F000E65899 /* libstdc++.6.dylib in Frameworks */,
				E9D6DF1F1D78811900138A1F /* Parse.framework in Frameworks */,
				81BA817B1A49E0E500E65899 /* SystemConfiguration.framework in Frameworks */,
				81BA81791A49E0DB00E65899 /* AudioToolbox.framework in Frameworks */,
				E9D6DF191D78810100138A1F /* FBSDKLoginKit.framework in Frameworks */,
				81BA81771A49E0D500E65899 /* libsqlite3.dylib in Frameworks */,
				E9D6DF151D7880EA00138A1F /* Bolts.framework in Frameworks */,
				E9D6DF1D1D78810F00138A1F /* ParseUI.framework in Frameworks */,
				F5E62C9E5752580839560F1D /* Pods_MyBridgeApp.framework in Frameworks */,
			);
			runOnlyForDeploymentPostprocessing = 0;
		};
/* End PBXFrameworksBuildPhase section */

/* Begin PBXGroup section */
		3030C0AB1DD54CC70077F7AC /* Data Storage */ = {
			isa = PBXGroup;
			children = (
				3030C0B01DD54E3F0077F7AC /* LocalData.swift */,
				3030C0B11DD54E3F0077F7AC /* LocalStorageUtility.swift */,
				3030C0B21DD54E3F0077F7AC /* PairInfo.swift */,
				3030C0B31DD54E3F0077F7AC /* UserInfo.swift */,
				3030C0B41DD54E3F0077F7AC /* UserInfoPair.swift */,
				9026A0671DDF83F1007CE4D9 /* NewMatch.swift */,
				90C931021DF9BAEE00D25740 /* FilterInfo.swift */,
			);
			name = "Data Storage";
			sourceTree = "<group>";
		};
		3030C0AC1DD54CEA0077F7AC /* Custom Views */ = {
			isa = PBXGroup;
			children = (
				304FEBE61DE49EFD00B3A8A7 /* CircleView.swift */,
				304FEBE21DE498A300B3A8A7 /* SendingNotificationView.swift */,
				3030C0BE1DD54E5E0077F7AC /* CustomKeyboard.swift */,
				3030C0BF1DD54E5E0077F7AC /* NecterNavigationBar.swift */,
				3030C0C01DD54E5E0077F7AC /* CustomSearchBar.swift */,
				30B8D98E1E22F17D00624D52 /* AcceptedConnectionNotification.swift */,
				30A727051E29540F0070B620 /* MessageComposer.swift */,
				3030C0C11DD54E5E0077F7AC /* MissionControlView.swift */,
				3059ABF11DEC72FB0010A81B /* TrendingView.swift */,
				3030C0D41DD550240077F7AC /* SwipeCard.swift */,
				30E2AF6F1DD644600023AA95 /* HalfSwipeCard.swift */,
				30E2AF771DDA2AB70023AA95 /* ReasonForConnection.swift */,
				304FEBE01DE3918E00B3A8A7 /* DashedLine.swift */,
				30AA7D641DDCD0CE00DD344D /* NewMatchesView.swift */,
				90CA09AA1E0B080100330646 /* HexagonView.swift */,
				90CA09AE1E1B5D3400330646 /* AcceptIgnoreView.swift */,
				9032B4531E311B0600136408 /* ProfilePicturesView.swift */,
				30D82B611E6FCFC1000F7075 /* PopupView.swift */,
				9021CC431E3A539D00720260 /* ProfileViews */,
				9028FA3D1E4D2CC7002CC80F /* ReportUserMenu.swift */,
			);
			name = "Custom Views";
			sourceTree = "<group>";
		};
		3030C0AD1DD54D310077F7AC /* Backend Communication */ = {
			isa = PBXGroup;
			children = (
				9034769B1E53988A0065B973 /* Models */,
				30BFA0AF1E4BBB6600A17F5E /* FB Communication */,
				30BFA0BB1E4CCDC900A17F5E /* Server-Side Functions */,
				30BFA0BA1E4CCDBB00A17F5E /* Database Communication */,
				90F5E3C01E5CD5FA001399F6 /* MyProfileBackend.swift */,
				90F5E3C21E5CDD5F001399F6 /* ExternalBackend.swift */,
				90AB6B101E5E1BAE00EBEBC0 /* MessagesBackend.swift */,
				903477BA1E652CB8007E2CAE /* SwipeBackend.swift */,
				30D82B5F1E6FC7E6000F7075 /* LoginBackend.swift */,
				906383E91E6FB1E700D901EA /* EditProfileBackend.swift */,
			);
			name = "Backend Communication";
			sourceTree = "<group>";
		};
		3030C0AE1DD54D800077F7AC /* UI Functions */ = {
			isa = PBXGroup;
			children = (
				303139081E65D6E300F8D9BF /* ReusableObjects.swift */,
				30D82B631E70D611000F7075 /* PopupObjects.swift */,
				3030C0D01DD54E9C0077F7AC /* DisplayUtility.swift */,
				3030C0D11DD54E9C0077F7AC /* TransitionManager.swift */,
				300A1D7D1E53EB6C0071FED7 /* LoginLayout.swift */,
				3079EB241E54FACD008AB6E5 /* LoginObjects.swift */,
				302799D51E5768E400AFFB90 /* PrivacyPolicyLayout.swift */,
				302799D71E5768F800AFFB90 /* PrivacyPolicyObjects.swift */,
				302799DB1E57A71800AFFB90 /* SwipeLayout.swift */,
				302799DD1E57A72700AFFB90 /* SwipeObjects.swift */,
				30BF6FEC1E5BDB8A0008C2B5 /* MyProfileLayout.swift */,
				30BF6FEE1E5BDBA40008C2B5 /* MyProfileObjects.swift */,
				30BF6FF21E5BDDAB0008C2B5 /* MessagesLayout.swift */,
				30BF6FF41E5BDDBD0008C2B5 /* MessagesObjects.swift */,
				30BF6FF81E5BDEA50008C2B5 /* ThreadLayout.swift */,
				30BF6FFA1E5BDEB40008C2B5 /* ThreadObjects.swift */,
				30BF6FFE1E5BDF710008C2B5 /* EditProfileLayout.swift */,
				30BF70001E5BDF820008C2B5 /* EditProfileObjects.swift */,
				30D82B6D1E733118000F7075 /* ExternalProfileLayout.swift */,
				30BF70061E5BE2FD0008C2B5 /* ExternalProfileObjects.swift */,
				30BF700C1E5C95F60008C2B5 /* SettingsLayout.swift */,
				30BF700E1E5C960C0008C2B5 /* SettingsObjects.swift */,
				30D82B6B1E73310A000F7075 /* EditProfileInfoLayout.swift */,
				30D82B671E7330C6000F7075 /* EditProfileInfoObjects.swift */,
			);
			name = "UI Functions";
			sourceTree = "<group>";
		};
		3030C0AF1DD54DA00077F7AC /* Custom Functions */ = {
			isa = PBXGroup;
			children = (
				3030C0CA1DD54E8F0077F7AC /* CustomTimer.swift */,
				3030C0CB1DD54E8F0077F7AC /* Downloader.swift */,
				3030C0CC1DD54E8F0077F7AC /* modelName.swift */,
				30BAE9A11E31B9210094070B /* MessagingFunctions.swift */,
				306BD21E1E4416100020C4BA /* Reachability.swift */,
			);
			name = "Custom Functions";
			sourceTree = "<group>";
		};
		30BF70081E5C95920008C2B5 /* updated */ = {
			isa = PBXGroup;
			children = (
				3080202B1E6649080091E63D /* MainPageViewController.swift */,
				30BF6FEA1E5BDB700008C2B5 /* MyProfileViewController.swift */,
				302799D91E579FC300AFFB90 /* SwipeViewController.swift */,
				30BF6FF01E5BDD860008C2B5 /* MessagesViewController.swift */,
				30BF6FF61E5BDE7A0008C2B5 /* ThreadViewController.swift */,
				30BF6FFC1E5BDF530008C2B5 /* EditProfileViewController.swift */,
				30D82B651E73306D000F7075 /* EditProfileInfoViewController.swift */,
				30BF70021E5BE2B20008C2B5 /* ExternalProfileViewController.swift */,
				300A1D811E53F9EF0071FED7 /* LoginViewController.swift */,
				302799D31E57684D00AFFB90 /* PrivacyPolicyViewController.swift */,
				30D82B5B1E6F92E3000F7075 /* WebViewController.swift */,
				30BF700A1E5C95C60008C2B5 /* SettingsViewController.swift */,
				907F605A1E724EEB00CB1097 /* ChatViewController.swift */,
			);
			name = updated;
			sourceTree = "<group>";
		};
		30BF70091E5C95A70008C2B5 /* Old */ = {
			isa = PBXGroup;
			children = (
				30A727031E293A9A0070B620 /* OldMessagesViewController.swift */,
				30A727091E2EF7550070B620 /* SignupViewController.swift */,
				CB5829451CAA26D900DC86C9 /* BridgeViewController.swift */,
				301B1C501E036A0100D507B8 /* OldAccessViewController.swift */,
				30A726FB1E27D9160070B620 /* UserSettingsViewController.swift */,
				90CA09A81E0AF3C700330646 /* OldMyProfileViewController.swift */,
				90512CF11E26A8D900D293BD /* OldEditProfileViewController.swift */,
				9032B4551E31249C00136408 /* OtherProfileViewController.swift */,
				90AD62271E2E259D001F1074 /* ProfilePicturesViewController.swift */,
				907201421E41D96B00A77BC4 /* CropImageViewController.swift */,
				CB6A32981CC483CC00FADB13 /* SingleMessageViewController.swift */,
				CBEFCD6A1CE53F0200695B15 /* AccountSettingsTableViewController.swift */,
			);
			name = Old;
			sourceTree = "<group>";
		};
		30BFA0AF1E4BBB6600A17F5E /* FB Communication */ = {
			isa = PBXGroup;
			children = (
				30BFA0B01E4BBB9600A17F5E /* FacebookFunctions.swift */,
				30BFA0B11E4BBB9600A17F5E /* FBLogin.swift */,
				907201461E4316B500A77BC4 /* FacebookImagePickerController.swift */,
			);
			name = "FB Communication";
			sourceTree = "<group>";
		};
		30BFA0B61E4CCC3900A17F5E /* View Controllers */ = {
			isa = PBXGroup;
			children = (
				30BF70081E5C95920008C2B5 /* updated */,
				30BF70091E5C95A70008C2B5 /* Old */,
			);
			name = "View Controllers";
			sourceTree = "<group>";
		};
		30BFA0B71E4CCC9400A17F5E /* Table Cells */ = {
			isa = PBXGroup;
			children = (
				E9D6DF081D78808900138A1F /* NewMessageTableCell.swift */,
				E9D6DF101D7880C400138A1F /* MessagesTableCell.swift */,
				30BFA0BC1E4CD60D00A17F5E /* MessagesTitleTableViewCell.swift */,
				307A7F5B1D46620C00858F96 /* ProfileTableViewCell.swift */,
				307A7F5D1D46763000858F96 /* ProfileTableViewCell2.swift */,
				E9D6DF501D78836200138A1F /* SingleMessageTableCell.swift */,
				9067C8471E6F51DF00465276 /* EditProfilePicturesTableViewCell.swift */,
			);
			name = "Table Cells";
			sourceTree = "<group>";
		};
		30BFA0B81E4CCCAE00A17F5E /* Content */ = {
			isa = PBXGroup;
			children = (
				1BB6AE301D5D24A800EC2E1B /* MessageContent.swift */,
				E9D6DF4F1D78836200138A1F /* SingleMessageContent.swift */,
			);
			name = Content;
			sourceTree = "<group>";
		};
		30BFA0BA1E4CCDBB00A17F5E /* Database Communication */ = {
			isa = PBXGroup;
			children = (
				304FEBDC1DDE413500B3A8A7 /* DBSavingFunctions.swift */,
				30B8D9921E23FA4B00624D52 /* DBRetrievingFunctions.swift */,
			);
			name = "Database Communication";
			sourceTree = "<group>";
		};
		30BFA0BB1E4CCDC900A17F5E /* Server-Side Functions */ = {
			isa = PBXGroup;
			children = (
				304FEBDA1DDE40A200B3A8A7 /* PFCloudFunctions.swift */,
			);
			name = "Server-Side Functions";
			sourceTree = "<group>";
		};
		64CDD67E3E87CF517C1CB316 /* Pods */ = {
			isa = PBXGroup;
			children = (
				49DBC5D84C119536F5E4F525 /* Pods-MyBridgeApp.debug.xcconfig */,
				A406D97A77270C2F8022759D /* Pods-MyBridgeApp.release.xcconfig */,
			);
			name = Pods;
			sourceTree = "<group>";
		};
		67AD26D71E31353D00252575 /* Types */ = {
			isa = PBXGroup;
			children = (
				30BFA0B41E4CCC1500A17F5E /* BridgeType.swift */,
				90F5E3BE1E5CD376001399F6 /* Gender.swift */,
			);
			name = Types;
			sourceTree = "<group>";
		};
		814C3AC51B69877600E307BB /* Resources */ = {
			isa = PBXGroup;
			children = (
				30E2AF731DDA156C0023AA95 /* BentonSans-Bold.otf */,
				30E2AF741DDA156C0023AA95 /* BentonSans-Light.otf */,
				E9D6DF551D7883FD00138A1F /* MyBridgeAppDataModel.xcdatamodeld */,
				814C3AC81B69877600E307BB /* Images.xcassets */,
				814C3AC91B69877600E307BB /* Info.plist */,
			);
			path = Resources;
			sourceTree = "<group>";
		};
		81BA813C1A49DA1800E65899 = {
			isa = PBXGroup;
			children = (
				67AD26D51E31353400252575 /* Constants.swift */,
				CB5829441CAA26D900DC86C9 /* AppDelegate.swift */,
				67AD26D71E31353D00252575 /* Types */,
				E9D6DF201D78820F00138A1F /* Custom Classes */,
				81BA81471A49DA1800E65899 /* MyBridgeApp */,
				814C3AC51B69877600E307BB /* Resources */,
				81BA816A1A49DB5600E65899 /* Frameworks */,
				81BA81461A49DA1800E65899 /* Products */,
				64CDD67E3E87CF517C1CB316 /* Pods */,
			);
			sourceTree = "<group>";
		};
		81BA81461A49DA1800E65899 /* Products */ = {
			isa = PBXGroup;
			children = (
				81BA81451A49DA1800E65899 /* MyBridgeApp.app */,
			);
			name = Products;
			sourceTree = "<group>";
		};
		81BA81471A49DA1800E65899 /* MyBridgeApp */ = {
			isa = PBXGroup;
			children = (
				305A97C61DAC52600045B4F3 /* MyBridgeApp.entitlements */,
				30BFA0B61E4CCC3900A17F5E /* View Controllers */,
				30BFA0B71E4CCC9400A17F5E /* Table Cells */,
				30BFA0B81E4CCCAE00A17F5E /* Content */,
				30A726F11E2683850070B620 /* Main.storyboard */,
			);
			name = MyBridgeApp;
			path = ParseStarterProject;
			sourceTree = "<group>";
		};
		81BA816A1A49DB5600E65899 /* Frameworks */ = {
			isa = PBXGroup;
			children = (
				E9D6DF141D7880EA00138A1F /* Bolts.framework */,
				E9D6DF1E1D78811900138A1F /* Parse.framework */,
				E9D6DF161D7880FC00138A1F /* FBSDKCoreKit.framework */,
				E9D6DF181D78810100138A1F /* FBSDKLoginKit.framework */,
				E9D6DF1A1D78810800138A1F /* ParseFacebookUtilsV4.framework */,
				E9D6DF1C1D78810F00138A1F /* ParseUI.framework */,
				81BA81751A49E0C500E65899 /* System Frameworks */,
				E713802418DFAB7F52236C40 /* Pods_MyBridgeApp.framework */,
			);
			name = Frameworks;
			sourceTree = "<group>";
		};
		81BA81751A49E0C500E65899 /* System Frameworks */ = {
			isa = PBXGroup;
			children = (
				81BA817E1A49E0F000E65899 /* libstdc++.6.dylib */,
				81BA817A1A49E0E500E65899 /* SystemConfiguration.framework */,
				81BA81781A49E0DB00E65899 /* AudioToolbox.framework */,
				81BA81761A49E0D500E65899 /* libsqlite3.dylib */,
			);
			name = "System Frameworks";
			sourceTree = "<group>";
		};
		9021CC431E3A539D00720260 /* ProfileViews */ = {
			isa = PBXGroup;
			children = (
				9021CC441E3A53C400720260 /* ProfileNavBar.swift */,
				9021CC461E3A541000720260 /* ProfileHexagons.swift */,
				9021CC481E3A548600720260 /* ProfileStatusButtons.swift */,
			);
			name = ProfileViews;
			path = "Custom Classes/Custom Views/ProfileViews";
			sourceTree = "<group>";
		};
		9034769B1E53988A0065B973 /* Models */ = {
			isa = PBXGroup;
			children = (
				9043B7771E56ABC100D76BCE /* BridgePairing.swift */,
				9043B7781E56ABC100D76BCE /* Message.swift */,
				9043B7791E56ABC100D76BCE /* Picture.swift */,
				9043B77A1E56ABC100D76BCE /* User.swift */,
				907F605C1E7263B800CB1097 /* SingleMessage.swift */,
			);
			name = Models;
			path = "Custom Classes/Backend Communication/Models";
			sourceTree = "<group>";
		};
		903477B71E60C38F007E2CAE /* Delegates */ = {
			isa = PBXGroup;
			children = (
				903477B81E60C3C4007E2CAE /* MessagesTableDelegate.swift */,
			);
			path = Delegates;
			sourceTree = "<group>";
		};
		90F5E3C41E5CE080001399F6 /* Logic */ = {
			isa = PBXGroup;
			children = (
				90F5E3C51E5CE0F9001399F6 /* ExternalLogic.swift */,
				90AB6B121E60A01000EBEBC0 /* MessagesLogic.swift */,
				903477BC1E653454007E2CAE /* SwipeLogic.swift */,
				9067C8491E6F969B00465276 /* EditProfileLogic.swift */,
			);
			name = Logic;
			path = "Custom Classes/Logic";
			sourceTree = "<group>";
		};
		E9D6DF201D78820F00138A1F /* Custom Classes */ = {
			isa = PBXGroup;
			children = (
				3030C0AB1DD54CC70077F7AC /* Data Storage */,
				3030C0AC1DD54CEA0077F7AC /* Custom Views */,
				90F5E3C41E5CE080001399F6 /* Logic */,
				903477B71E60C38F007E2CAE /* Delegates */,
				3030C0AD1DD54D310077F7AC /* Backend Communication */,
				3030C0AF1DD54DA00077F7AC /* Custom Functions */,
				3030C0AE1DD54D800077F7AC /* UI Functions */,
			);
			name = "Custom Classes";
			sourceTree = "<group>";
		};
/* End PBXGroup section */

/* Begin PBXNativeTarget section */
		81BA81441A49DA1800E65899 /* MyBridgeApp */ = {
			isa = PBXNativeTarget;
			buildConfigurationList = 81BA81641A49DA1800E65899 /* Build configuration list for PBXNativeTarget "MyBridgeApp" */;
			buildPhases = (
				2CC4AAABB28B57A655A2A3EE /* [CP] Check Pods Manifest.lock */,
				81BA81411A49DA1800E65899 /* Sources */,
				81BA81421A49DA1800E65899 /* Frameworks */,
				81BA81431A49DA1800E65899 /* Resources */,
				DA1DB3FE2891E8DB2C333E43 /* [CP] Embed Pods Frameworks */,
				BB424A17D316E5C41CE735DB /* [CP] Copy Pods Resources */,
			);
			buildRules = (
			);
			dependencies = (
			);
			name = MyBridgeApp;
			productName = ParseStarterProject;
			productReference = 81BA81451A49DA1800E65899 /* MyBridgeApp.app */;
			productType = "com.apple.product-type.application";
		};
/* End PBXNativeTarget section */

/* Begin PBXProject section */
		81BA813D1A49DA1800E65899 /* Project object */ = {
			isa = PBXProject;
			attributes = {
				LastSwiftUpdateCheck = 0730;
				LastUpgradeCheck = 0800;
				ORGANIZATIONNAME = Parse;
				TargetAttributes = {
					81BA81441A49DA1800E65899 = {
						CreatedOnToolsVersion = 6.1.1;
						DevelopmentTeam = 7Y7JRS85QB;
						LastSwiftMigration = 0800;
						ProvisioningStyle = Automatic;
						SystemCapabilities = {
							com.apple.Push = {
								enabled = 1;
							};
						};
					};
				};
			};
			buildConfigurationList = 81BA81401A49DA1800E65899 /* Build configuration list for PBXProject "MyBridgeApp" */;
			compatibilityVersion = "Xcode 3.2";
			developmentRegion = English;
			hasScannedForEncodings = 0;
			knownRegions = (
				en,
				Base,
			);
			mainGroup = 81BA813C1A49DA1800E65899;
			productRefGroup = 81BA81461A49DA1800E65899 /* Products */;
			projectDirPath = "";
			projectRoot = "";
			targets = (
				81BA81441A49DA1800E65899 /* MyBridgeApp */,
			);
		};
/* End PBXProject section */

/* Begin PBXResourcesBuildPhase section */
		81BA81431A49DA1800E65899 /* Resources */ = {
			isa = PBXResourcesBuildPhase;
			buildActionMask = 2147483647;
			files = (
				814C3ACB1B69877600E307BB /* Images.xcassets in Resources */,
				30E2AF751DDA156C0023AA95 /* BentonSans-Bold.otf in Resources */,
				30A726F21E2683850070B620 /* Main.storyboard in Resources */,
				30E2AF761DDA156C0023AA95 /* BentonSans-Light.otf in Resources */,
			);
			runOnlyForDeploymentPostprocessing = 0;
		};
/* End PBXResourcesBuildPhase section */

/* Begin PBXShellScriptBuildPhase section */
		2CC4AAABB28B57A655A2A3EE /* [CP] Check Pods Manifest.lock */ = {
			isa = PBXShellScriptBuildPhase;
			buildActionMask = 2147483647;
			files = (
			);
			inputPaths = (
			);
			name = "[CP] Check Pods Manifest.lock";
			outputPaths = (
			);
			runOnlyForDeploymentPostprocessing = 0;
			shellPath = /bin/sh;
			shellScript = "diff \"${PODS_ROOT}/../Podfile.lock\" \"${PODS_ROOT}/Manifest.lock\" > /dev/null\nif [ $? != 0 ] ; then\n    # print error to STDERR\n    echo \"error: The sandbox is not in sync with the Podfile.lock. Run 'pod install' or update your CocoaPods installation.\" >&2\n    exit 1\nfi\n";
			showEnvVarsInLog = 0;
		};
		BB424A17D316E5C41CE735DB /* [CP] Copy Pods Resources */ = {
			isa = PBXShellScriptBuildPhase;
			buildActionMask = 2147483647;
			files = (
			);
			inputPaths = (
			);
			name = "[CP] Copy Pods Resources";
			outputPaths = (
			);
			runOnlyForDeploymentPostprocessing = 0;
			shellPath = /bin/sh;
			shellScript = "\"${SRCROOT}/Pods/Target Support Files/Pods-MyBridgeApp/Pods-MyBridgeApp-resources.sh\"\n";
			showEnvVarsInLog = 0;
		};
		DA1DB3FE2891E8DB2C333E43 /* [CP] Embed Pods Frameworks */ = {
			isa = PBXShellScriptBuildPhase;
			buildActionMask = 2147483647;
			files = (
			);
			inputPaths = (
			);
			name = "[CP] Embed Pods Frameworks";
			outputPaths = (
			);
			runOnlyForDeploymentPostprocessing = 0;
			shellPath = /bin/sh;
			shellScript = "\"${SRCROOT}/Pods/Target Support Files/Pods-MyBridgeApp/Pods-MyBridgeApp-frameworks.sh\"\n";
			showEnvVarsInLog = 0;
		};
/* End PBXShellScriptBuildPhase section */

/* Begin PBXSourcesBuildPhase section */
		81BA81411A49DA1800E65899 /* Sources */ = {
			isa = PBXSourcesBuildPhase;
			buildActionMask = 2147483647;
			files = (
				9026A0681DDF83F1007CE4D9 /* NewMatch.swift in Sources */,
				E9D6DF511D78836200138A1F /* SingleMessageContent.swift in Sources */,
				30BF70011E5BDF820008C2B5 /* EditProfileObjects.swift in Sources */,
				3030C0B81DD54E3F0077F7AC /* UserInfo.swift in Sources */,
				304FEBE71DE49EFD00B3A8A7 /* CircleView.swift in Sources */,
				3030C0B71DD54E3F0077F7AC /* PairInfo.swift in Sources */,
				30BF70071E5BE2FD0008C2B5 /* ExternalProfileObjects.swift in Sources */,
				302799D81E5768F800AFFB90 /* PrivacyPolicyObjects.swift in Sources */,
				903477BD1E653455007E2CAE /* SwipeLogic.swift in Sources */,
				E9D6DF571D7883FD00138A1F /* MyBridgeAppDataModel.xcdatamodeld in Sources */,
				E9D6DF111D7880C400138A1F /* MessagesTableCell.swift in Sources */,
				30BF6FEF1E5BDBA40008C2B5 /* MyProfileObjects.swift in Sources */,
				30BF700D1E5C95F60008C2B5 /* SettingsLayout.swift in Sources */,
				30D82B5C1E6F92E3000F7075 /* WebViewController.swift in Sources */,
				302799DE1E57A72700AFFB90 /* SwipeObjects.swift in Sources */,
				302799DA1E579FC300AFFB90 /* SwipeViewController.swift in Sources */,
				30BF6FF11E5BDD860008C2B5 /* MessagesViewController.swift in Sources */,
				30BF6FED1E5BDB8A0008C2B5 /* MyProfileLayout.swift in Sources */,
				3059ABF21DEC72FB0010A81B /* TrendingView.swift in Sources */,
				3030C0B91DD54E3F0077F7AC /* UserInfoPair.swift in Sources */,
				30BF6FF51E5BDDBD0008C2B5 /* MessagesObjects.swift in Sources */,
				30AA7D651DDCD0CE00DD344D /* NewMatchesView.swift in Sources */,
				1BB6AE311D5D24A800EC2E1B /* MessageContent.swift in Sources */,
				306BD21F1E4416100020C4BA /* Reachability.swift in Sources */,
				30D82B661E73306D000F7075 /* EditProfileInfoViewController.swift in Sources */,
				90512CF21E26A8D900D293BD /* OldEditProfileViewController.swift in Sources */,
				30BFA0B31E4BBB9600A17F5E /* FBLogin.swift in Sources */,
				303139091E65D6E300F8D9BF /* ReusableObjects.swift in Sources */,
				9032B4561E31249C00136408 /* OtherProfileViewController.swift in Sources */,
				30BF6FF31E5BDDAB0008C2B5 /* MessagesLayout.swift in Sources */,
				30BF70031E5BE2B20008C2B5 /* ExternalProfileViewController.swift in Sources */,
				3030C0B61DD54E3F0077F7AC /* LocalStorageUtility.swift in Sources */,
				307A7F5C1D46620C00858F96 /* ProfileTableViewCell.swift in Sources */,
				90AB6B131E60A01000EBEBC0 /* MessagesLogic.swift in Sources */,
				3030C0C41DD54E5E0077F7AC /* CustomSearchBar.swift in Sources */,
				30BF6FEB1E5BDB700008C2B5 /* MyProfileViewController.swift in Sources */,
				67AD26D61E31353400252575 /* Constants.swift in Sources */,
				90C931031DF9BAEE00D25740 /* FilterInfo.swift in Sources */,
				9043B77C1E56ABC100D76BCE /* Message.swift in Sources */,
				9021CC451E3A53C400720260 /* ProfileNavBar.swift in Sources */,
				9028FA3E1E4D2CC7002CC80F /* ReportUserMenu.swift in Sources */,
				30A727061E29540F0070B620 /* MessageComposer.swift in Sources */,
				307A7F5E1D46763000858F96 /* ProfileTableViewCell2.swift in Sources */,
				30BF6FFF1E5BDF710008C2B5 /* EditProfileLayout.swift in Sources */,
				300A1D7E1E53EB6C0071FED7 /* LoginLayout.swift in Sources */,
				301B1C511E036A0100D507B8 /* OldAccessViewController.swift in Sources */,
				CBEFCD6B1CE53F0200695B15 /* AccountSettingsTableViewController.swift in Sources */,
				9043B77B1E56ABC100D76BCE /* BridgePairing.swift in Sources */,
				304FEBE11DE3918E00B3A8A7 /* DashedLine.swift in Sources */,
				30A726FC1E27D9160070B620 /* UserSettingsViewController.swift in Sources */,
				9067C84A1E6F969B00465276 /* EditProfileLogic.swift in Sources */,
				30E2AF701DD644600023AA95 /* HalfSwipeCard.swift in Sources */,
				CB6A32991CC483CD00FADB13 /* SingleMessageViewController.swift in Sources */,
				304FEBDB1DDE40A200B3A8A7 /* PFCloudFunctions.swift in Sources */,
				3080202C1E6649080091E63D /* MainPageViewController.swift in Sources */,
				30BF700F1E5C960C0008C2B5 /* SettingsObjects.swift in Sources */,
				9067C8481E6F51DF00465276 /* EditProfilePicturesTableViewCell.swift in Sources */,
				304FEBE31DE498A300B3A8A7 /* SendingNotificationView.swift in Sources */,
				30BF6FF71E5BDE7A0008C2B5 /* ThreadViewController.swift in Sources */,
				3030C0D21DD54E9C0077F7AC /* DisplayUtility.swift in Sources */,
				9021CC491E3A548600720260 /* ProfileStatusButtons.swift in Sources */,
				906383EA1E6FB1E700D901EA /* EditProfileBackend.swift in Sources */,
				3030C0D31DD54E9C0077F7AC /* TransitionManager.swift in Sources */,
				304FEBDD1DDE413500B3A8A7 /* DBSavingFunctions.swift in Sources */,
				E9D6DF521D78836200138A1F /* SingleMessageTableCell.swift in Sources */,
				30BF700B1E5C95C60008C2B5 /* SettingsViewController.swift in Sources */,
				300A1D821E53F9EF0071FED7 /* LoginViewController.swift in Sources */,
				30BF6FFD1E5BDF530008C2B5 /* EditProfileViewController.swift in Sources */,
				90CA09A91E0AF3C700330646 /* OldMyProfileViewController.swift in Sources */,
				3030C0C31DD54E5E0077F7AC /* NecterNavigationBar.swift in Sources */,
				9043B77D1E56ABC100D76BCE /* Picture.swift in Sources */,
				90F5E3BF1E5CD376001399F6 /* Gender.swift in Sources */,
				9021CC471E3A541000720260 /* ProfileHexagons.swift in Sources */,
				30A727041E293A9A0070B620 /* OldMessagesViewController.swift in Sources */,
				90F5E3C31E5CDD5F001399F6 /* ExternalBackend.swift in Sources */,
				30A7270A1E2EF7550070B620 /* SignupViewController.swift in Sources */,
				E9D6DF091D78808900138A1F /* NewMessageTableCell.swift in Sources */,
				90CA09AB1E0B080100330646 /* HexagonView.swift in Sources */,
				3030C0C51DD54E5E0077F7AC /* MissionControlView.swift in Sources */,
				30D82B6E1E733118000F7075 /* ExternalProfileLayout.swift in Sources */,
				90F5E3C61E5CE0F9001399F6 /* ExternalLogic.swift in Sources */,
				30BFA0B21E4BBB9600A17F5E /* FacebookFunctions.swift in Sources */,
				90CA09AF1E1B5D3500330646 /* AcceptIgnoreView.swift in Sources */,
				30BFA0BD1E4CD60D00A17F5E /* MessagesTitleTableViewCell.swift in Sources */,
				30BAE9A21E31B9210094070B /* MessagingFunctions.swift in Sources */,
				9032B4541E311B0600136408 /* ProfilePicturesView.swift in Sources */,
				30D82B6C1E73310A000F7075 /* EditProfileInfoLayout.swift in Sources */,
				30B8D98F1E22F17D00624D52 /* AcceptedConnectionNotification.swift in Sources */,
				302799DC1E57A71800AFFB90 /* SwipeLayout.swift in Sources */,
				CB5829471CAA26D900DC86C9 /* AppDelegate.swift in Sources */,
				9043B77E1E56ABC100D76BCE /* User.swift in Sources */,
				30D82B621E6FCFC1000F7075 /* PopupView.swift in Sources */,
				3030C0CF1DD54E8F0077F7AC /* modelName.swift in Sources */,
				30BFA0B51E4CCC1500A17F5E /* BridgeType.swift in Sources */,
				302799D41E57684D00AFFB90 /* PrivacyPolicyViewController.swift in Sources */,
				903477BB1E652CB8007E2CAE /* SwipeBackend.swift in Sources */,
				3030C0C21DD54E5E0077F7AC /* CustomKeyboard.swift in Sources */,
				3030C0D51DD550240077F7AC /* SwipeCard.swift in Sources */,
				90AB6B111E5E1BAE00EBEBC0 /* MessagesBackend.swift in Sources */,
				90F5E3C11E5CD5FA001399F6 /* MyProfileBackend.swift in Sources */,
				30BF6FF91E5BDEA50008C2B5 /* ThreadLayout.swift in Sources */,
				3030C0B51DD54E3F0077F7AC /* LocalData.swift in Sources */,
				907201471E4316B500A77BC4 /* FacebookImagePickerController.swift in Sources */,
				30D82B681E7330C6000F7075 /* EditProfileInfoObjects.swift in Sources */,
				3079EB251E54FACD008AB6E5 /* LoginObjects.swift in Sources */,
				30E2AF781DDA2AB70023AA95 /* ReasonForConnection.swift in Sources */,
				903477B91E60C3C4007E2CAE /* MessagesTableDelegate.swift in Sources */,
				3030C0CD1DD54E8F0077F7AC /* CustomTimer.swift in Sources */,
				907F605D1E7263B800CB1097 /* SingleMessage.swift in Sources */,
				30D82B641E70D611000F7075 /* PopupObjects.swift in Sources */,
				907201431E41D96B00A77BC4 /* CropImageViewController.swift in Sources */,
				CB5829481CAA26D900DC86C9 /* BridgeViewController.swift in Sources */,
				907F605B1E724EEB00CB1097 /* ChatViewController.swift in Sources */,
				30D82B601E6FC7E6000F7075 /* LoginBackend.swift in Sources */,
				302799D61E5768E400AFFB90 /* PrivacyPolicyLayout.swift in Sources */,
				30BF6FFB1E5BDEB40008C2B5 /* ThreadObjects.swift in Sources */,
				90AD62281E2E259D001F1074 /* ProfilePicturesViewController.swift in Sources */,
				30B8D9931E23FA4B00624D52 /* DBRetrievingFunctions.swift in Sources */,
				3030C0CE1DD54E8F0077F7AC /* Downloader.swift in Sources */,
			);
			runOnlyForDeploymentPostprocessing = 0;
		};
/* End PBXSourcesBuildPhase section */

/* Begin XCBuildConfiguration section */
		81BA81621A49DA1800E65899 /* Debug */ = {
			isa = XCBuildConfiguration;
			buildSettings = {
				ALWAYS_SEARCH_USER_PATHS = NO;
				CLANG_CXX_LANGUAGE_STANDARD = "gnu++0x";
				CLANG_CXX_LIBRARY = "libc++";
				CLANG_ENABLE_MODULES = YES;
				CLANG_ENABLE_OBJC_ARC = YES;
				CLANG_WARN_BOOL_CONVERSION = YES;
				CLANG_WARN_CONSTANT_CONVERSION = YES;
				CLANG_WARN_DIRECT_OBJC_ISA_USAGE = YES_ERROR;
				CLANG_WARN_EMPTY_BODY = YES;
				CLANG_WARN_ENUM_CONVERSION = YES;
				CLANG_WARN_INFINITE_RECURSION = YES;
				CLANG_WARN_INT_CONVERSION = YES;
				CLANG_WARN_OBJC_ROOT_CLASS = YES_ERROR;
				CLANG_WARN_SUSPICIOUS_MOVE = YES;
				CLANG_WARN_UNREACHABLE_CODE = YES;
				CLANG_WARN__DUPLICATE_METHOD_MATCH = YES;
				"CODE_SIGN_IDENTITY[sdk=iphoneos*]" = "iPhone Developer";
				COPY_PHASE_STRIP = NO;
				ENABLE_STRICT_OBJC_MSGSEND = YES;
				ENABLE_TESTABILITY = YES;
				GCC_C_LANGUAGE_STANDARD = gnu99;
				GCC_DYNAMIC_NO_PIC = NO;
				GCC_NO_COMMON_BLOCKS = YES;
				GCC_OPTIMIZATION_LEVEL = 0;
				GCC_PREPROCESSOR_DEFINITIONS = (
					"DEBUG=1",
					"$(inherited)",
				);
				GCC_SYMBOLS_PRIVATE_EXTERN = NO;
				GCC_WARN_64_TO_32_BIT_CONVERSION = YES;
				GCC_WARN_ABOUT_RETURN_TYPE = YES_ERROR;
				GCC_WARN_UNDECLARED_SELECTOR = YES;
				GCC_WARN_UNINITIALIZED_AUTOS = YES_AGGRESSIVE;
				GCC_WARN_UNUSED_FUNCTION = YES;
				GCC_WARN_UNUSED_VARIABLE = YES;
				IPHONEOS_DEPLOYMENT_TARGET = 8.0;
				MTL_ENABLE_DEBUG_INFO = YES;
				ONLY_ACTIVE_ARCH = YES;
				SDKROOT = iphoneos;
				SWIFT_OPTIMIZATION_LEVEL = "-Onone";
				TARGETED_DEVICE_FAMILY = "1,2";
			};
			name = Debug;
		};
		81BA81631A49DA1800E65899 /* Release */ = {
			isa = XCBuildConfiguration;
			buildSettings = {
				ALWAYS_SEARCH_USER_PATHS = NO;
				CLANG_CXX_LANGUAGE_STANDARD = "gnu++0x";
				CLANG_CXX_LIBRARY = "libc++";
				CLANG_ENABLE_MODULES = YES;
				CLANG_ENABLE_OBJC_ARC = YES;
				CLANG_WARN_BOOL_CONVERSION = YES;
				CLANG_WARN_CONSTANT_CONVERSION = YES;
				CLANG_WARN_DIRECT_OBJC_ISA_USAGE = YES_ERROR;
				CLANG_WARN_EMPTY_BODY = YES;
				CLANG_WARN_ENUM_CONVERSION = YES;
				CLANG_WARN_INFINITE_RECURSION = YES;
				CLANG_WARN_INT_CONVERSION = YES;
				CLANG_WARN_OBJC_ROOT_CLASS = YES_ERROR;
				CLANG_WARN_SUSPICIOUS_MOVE = YES;
				CLANG_WARN_UNREACHABLE_CODE = YES;
				CLANG_WARN__DUPLICATE_METHOD_MATCH = YES;
				"CODE_SIGN_IDENTITY[sdk=iphoneos*]" = "iPhone Developer";
				COPY_PHASE_STRIP = YES;
				ENABLE_NS_ASSERTIONS = NO;
				ENABLE_STRICT_OBJC_MSGSEND = YES;
				GCC_C_LANGUAGE_STANDARD = gnu99;
				GCC_NO_COMMON_BLOCKS = YES;
				GCC_WARN_64_TO_32_BIT_CONVERSION = YES;
				GCC_WARN_ABOUT_RETURN_TYPE = YES_ERROR;
				GCC_WARN_UNDECLARED_SELECTOR = YES;
				GCC_WARN_UNINITIALIZED_AUTOS = YES_AGGRESSIVE;
				GCC_WARN_UNUSED_FUNCTION = YES;
				GCC_WARN_UNUSED_VARIABLE = YES;
				IPHONEOS_DEPLOYMENT_TARGET = 8.0;
				MTL_ENABLE_DEBUG_INFO = NO;
				SDKROOT = iphoneos;
				SWIFT_OPTIMIZATION_LEVEL = "-Owholemodule";
				TARGETED_DEVICE_FAMILY = "1,2";
				VALIDATE_PRODUCT = YES;
			};
			name = Release;
		};
		81BA81651A49DA1800E65899 /* Debug */ = {
			isa = XCBuildConfiguration;
			baseConfigurationReference = 49DBC5D84C119536F5E4F525 /* Pods-MyBridgeApp.debug.xcconfig */;
			buildSettings = {
				ASSETCATALOG_COMPILER_APPICON_NAME = AppIcon;
				CLANG_ENABLE_MODULES = YES;
				CODE_SIGN_ENTITLEMENTS = MyBridgeApp/MyBridgeApp.entitlements;
				CODE_SIGN_IDENTITY = "iPhone Developer";
				"CODE_SIGN_IDENTITY[sdk=iphoneos*]" = "iPhone Developer";
				DEVELOPMENT_TEAM = "";
				FRAMEWORK_SEARCH_PATHS = (
					"$(inherited)",
					"$(PROJECT_DIR)",
					"$(PROJECT_DIR)/Frameworks",
				);
				INFOPLIST_FILE = Resources/Info.plist;
				IPHONEOS_DEPLOYMENT_TARGET = 8.0;
				LD_RUNPATH_SEARCH_PATHS = "$(inherited) @executable_path/Frameworks";
				PRODUCT_BUNDLE_IDENTIFIER = social.necter;
				PRODUCT_NAME = MyBridgeApp;
				PROVISIONING_PROFILE = "";
				PROVISIONING_PROFILE_SPECIFIER = "";
				SWIFT_OPTIMIZATION_LEVEL = "-Onone";
				SWIFT_VERSION = 3.0;
				TARGETED_DEVICE_FAMILY = 1;
			};
			name = Debug;
		};
		81BA81661A49DA1800E65899 /* Release */ = {
			isa = XCBuildConfiguration;
			baseConfigurationReference = A406D97A77270C2F8022759D /* Pods-MyBridgeApp.release.xcconfig */;
			buildSettings = {
				ASSETCATALOG_COMPILER_APPICON_NAME = AppIcon;
				CLANG_ENABLE_MODULES = YES;
				CODE_SIGN_ENTITLEMENTS = MyBridgeApp/MyBridgeApp.entitlements;
				CODE_SIGN_IDENTITY = "iPhone Developer";
				"CODE_SIGN_IDENTITY[sdk=iphoneos*]" = "iPhone Developer";
				DEVELOPMENT_TEAM = 7Y7JRS85QB;
				FRAMEWORK_SEARCH_PATHS = (
					"$(inherited)",
					"$(PROJECT_DIR)",
					"$(PROJECT_DIR)/Frameworks",
				);
				INFOPLIST_FILE = Resources/Info.plist;
				IPHONEOS_DEPLOYMENT_TARGET = 8.0;
				LD_RUNPATH_SEARCH_PATHS = "$(inherited) @executable_path/Frameworks";
				PRODUCT_BUNDLE_IDENTIFIER = social.necter;
				PRODUCT_NAME = MyBridgeApp;
				PROVISIONING_PROFILE = "";
				SWIFT_VERSION = 3.0;
				TARGETED_DEVICE_FAMILY = 1;
			};
			name = Release;
		};
/* End XCBuildConfiguration section */

/* Begin XCConfigurationList section */
		81BA81401A49DA1800E65899 /* Build configuration list for PBXProject "MyBridgeApp" */ = {
			isa = XCConfigurationList;
			buildConfigurations = (
				81BA81621A49DA1800E65899 /* Debug */,
				81BA81631A49DA1800E65899 /* Release */,
			);
			defaultConfigurationIsVisible = 0;
			defaultConfigurationName = Release;
		};
		81BA81641A49DA1800E65899 /* Build configuration list for PBXNativeTarget "MyBridgeApp" */ = {
			isa = XCConfigurationList;
			buildConfigurations = (
				81BA81651A49DA1800E65899 /* Debug */,
				81BA81661A49DA1800E65899 /* Release */,
			);
			defaultConfigurationIsVisible = 0;
			defaultConfigurationName = Release;
		};
/* End XCConfigurationList section */

/* Begin XCVersionGroup section */
		E9D6DF551D7883FD00138A1F /* MyBridgeAppDataModel.xcdatamodeld */ = {
			isa = XCVersionGroup;
			children = (
				E9D6DF561D7883FD00138A1F /* MyBridgeAppDataModel.xcdatamodel */,
			);
			currentVersion = E9D6DF561D7883FD00138A1F /* MyBridgeAppDataModel.xcdatamodel */;
			path = MyBridgeAppDataModel.xcdatamodeld;
			sourceTree = "<group>";
			versionGroupType = wrapper.xcdatamodel;
		};
/* End XCVersionGroup section */
	};
	rootObject = 81BA813D1A49DA1800E65899 /* Project object */;
}
