// !$*UTF8*$!
{
	archiveVersion = 1;
	classes = {
	};
	objectVersion = 46;
	objects = {

/* Begin PBXBuildFile section */
		1BB6AE311D5D24A800EC2E1B /* MessageContent.swift in Sources */ = {isa = PBXBuildFile; fileRef = 1BB6AE301D5D24A800EC2E1B /* MessageContent.swift */; };
		1BF692D81D09E32B0030B6D0 /* DataController.swift in Sources */ = {isa = PBXBuildFile; fileRef = 1BF692D71D09E32B0030B6D0 /* DataController.swift */; };
		301B1C511E036A0100D507B8 /* AccessViewController.swift in Sources */ = {isa = PBXBuildFile; fileRef = 301B1C501E036A0100D507B8 /* AccessViewController.swift */; };
		301B1C551E04473A00D507B8 /* FacebookFunctions.swift in Sources */ = {isa = PBXBuildFile; fileRef = 301B1C541E04473A00D507B8 /* FacebookFunctions.swift */; };
		3030C0B51DD54E3F0077F7AC /* LocalData.swift in Sources */ = {isa = PBXBuildFile; fileRef = 3030C0B01DD54E3F0077F7AC /* LocalData.swift */; };
		3030C0B61DD54E3F0077F7AC /* LocalStorageUtility.swift in Sources */ = {isa = PBXBuildFile; fileRef = 3030C0B11DD54E3F0077F7AC /* LocalStorageUtility.swift */; };
		3030C0B71DD54E3F0077F7AC /* PairInfo.swift in Sources */ = {isa = PBXBuildFile; fileRef = 3030C0B21DD54E3F0077F7AC /* PairInfo.swift */; };
		3030C0B81DD54E3F0077F7AC /* UserInfo.swift in Sources */ = {isa = PBXBuildFile; fileRef = 3030C0B31DD54E3F0077F7AC /* UserInfo.swift */; };
		3030C0B91DD54E3F0077F7AC /* UserInfoPair.swift in Sources */ = {isa = PBXBuildFile; fileRef = 3030C0B41DD54E3F0077F7AC /* UserInfoPair.swift */; };
		3030C0BB1DD54E470077F7AC /* Users.swift in Sources */ = {isa = PBXBuildFile; fileRef = 3030C0BA1DD54E470077F7AC /* Users.swift */; };
		3030C0BD1DD54E4D0077F7AC /* Users+CoreDataProperties.swift in Sources */ = {isa = PBXBuildFile; fileRef = 3030C0BC1DD54E4D0077F7AC /* Users+CoreDataProperties.swift */; };
		3030C0C21DD54E5E0077F7AC /* CustomKeyboard.swift in Sources */ = {isa = PBXBuildFile; fileRef = 3030C0BE1DD54E5E0077F7AC /* CustomKeyboard.swift */; };
		3030C0C31DD54E5E0077F7AC /* CustomNavigationBar.swift in Sources */ = {isa = PBXBuildFile; fileRef = 3030C0BF1DD54E5E0077F7AC /* CustomNavigationBar.swift */; };
		3030C0C41DD54E5E0077F7AC /* CustomSearchBar.swift in Sources */ = {isa = PBXBuildFile; fileRef = 3030C0C01DD54E5E0077F7AC /* CustomSearchBar.swift */; };
		3030C0C51DD54E5E0077F7AC /* MissionControlView.swift in Sources */ = {isa = PBXBuildFile; fileRef = 3030C0C11DD54E5E0077F7AC /* MissionControlView.swift */; };
		3030C0CD1DD54E8F0077F7AC /* CustomTimer.swift in Sources */ = {isa = PBXBuildFile; fileRef = 3030C0CA1DD54E8F0077F7AC /* CustomTimer.swift */; };
		3030C0CE1DD54E8F0077F7AC /* Downloader.swift in Sources */ = {isa = PBXBuildFile; fileRef = 3030C0CB1DD54E8F0077F7AC /* Downloader.swift */; };
		3030C0CF1DD54E8F0077F7AC /* modelName.swift in Sources */ = {isa = PBXBuildFile; fileRef = 3030C0CC1DD54E8F0077F7AC /* modelName.swift */; };
		3030C0D21DD54E9C0077F7AC /* DisplayUtility.swift in Sources */ = {isa = PBXBuildFile; fileRef = 3030C0D01DD54E9C0077F7AC /* DisplayUtility.swift */; };
		3030C0D31DD54E9C0077F7AC /* TransitionManager.swift in Sources */ = {isa = PBXBuildFile; fileRef = 3030C0D11DD54E9C0077F7AC /* TransitionManager.swift */; };
		3030C0D51DD550240077F7AC /* SwipeCard.swift in Sources */ = {isa = PBXBuildFile; fileRef = 3030C0D41DD550240077F7AC /* SwipeCard.swift */; };
		304FEBDB1DDE40A200B3A8A7 /* PFCloudFunctions.swift in Sources */ = {isa = PBXBuildFile; fileRef = 304FEBDA1DDE40A200B3A8A7 /* PFCloudFunctions.swift */; };
		304FEBDD1DDE413500B3A8A7 /* DBSavingFunctions.swift in Sources */ = {isa = PBXBuildFile; fileRef = 304FEBDC1DDE413500B3A8A7 /* DBSavingFunctions.swift */; };
		304FEBE11DE3918E00B3A8A7 /* DashedLine.swift in Sources */ = {isa = PBXBuildFile; fileRef = 304FEBE01DE3918E00B3A8A7 /* DashedLine.swift */; };
		304FEBE31DE498A300B3A8A7 /* SendingNotificationView.swift in Sources */ = {isa = PBXBuildFile; fileRef = 304FEBE21DE498A300B3A8A7 /* SendingNotificationView.swift */; };
		304FEBE71DE49EFD00B3A8A7 /* CircleView.swift in Sources */ = {isa = PBXBuildFile; fileRef = 304FEBE61DE49EFD00B3A8A7 /* CircleView.swift */; };
		3059ABF21DEC72FB0010A81B /* TrendingView.swift in Sources */ = {isa = PBXBuildFile; fileRef = 3059ABF11DEC72FB0010A81B /* TrendingView.swift */; };
		307A7F5A1D46619300858F96 /* ProfileViewController.swift in Sources */ = {isa = PBXBuildFile; fileRef = 307A7F591D46619300858F96 /* ProfileViewController.swift */; };
		307A7F5C1D46620C00858F96 /* ProfileTableViewCell.swift in Sources */ = {isa = PBXBuildFile; fileRef = 307A7F5B1D46620C00858F96 /* ProfileTableViewCell.swift */; };
		307A7F5E1D46763000858F96 /* ProfileTableViewCell2.swift in Sources */ = {isa = PBXBuildFile; fileRef = 307A7F5D1D46763000858F96 /* ProfileTableViewCell2.swift */; };
		30877DB31E0C63E400025EB4 /* AcceptChat.mp4 in Resources */ = {isa = PBXBuildFile; fileRef = 30877DB01E0C63E400025EB4 /* AcceptChat.mp4 */; };
		30877DB41E0C63E400025EB4 /* ConnectGray.mp4 in Resources */ = {isa = PBXBuildFile; fileRef = 30877DB11E0C63E400025EB4 /* ConnectGray.mp4 */; };
		30877DB51E0C63E400025EB4 /* PostGray.mp4 in Resources */ = {isa = PBXBuildFile; fileRef = 30877DB21E0C63E400025EB4 /* PostGray.mp4 */; };
		30A726F21E2683850070B620 /* Main.storyboard in Resources */ = {isa = PBXBuildFile; fileRef = 30A726F11E2683850070B620 /* Main.storyboard */; };
		30A726F61E26989E0070B620 /* profPic4.jpg in Resources */ = {isa = PBXBuildFile; fileRef = 30A726F31E26989E0070B620 /* profPic4.jpg */; };
		30A726F71E26989E0070B620 /* profpic3.jpg in Resources */ = {isa = PBXBuildFile; fileRef = 30A726F41E26989E0070B620 /* profpic3.jpg */; };
		30A726F81E26989E0070B620 /* ProfPic2.jpg in Resources */ = {isa = PBXBuildFile; fileRef = 30A726F51E26989E0070B620 /* ProfPic2.jpg */; };
		30A726FC1E27D9160070B620 /* UserSettingsViewController.swift in Sources */ = {isa = PBXBuildFile; fileRef = 30A726FB1E27D9160070B620 /* UserSettingsViewController.swift */; };
		30A727041E293A9A0070B620 /* MessagesViewController.swift in Sources */ = {isa = PBXBuildFile; fileRef = 30A727031E293A9A0070B620 /* MessagesViewController.swift */; };
		30A727061E29540F0070B620 /* MessageComposer.swift in Sources */ = {isa = PBXBuildFile; fileRef = 30A727051E29540F0070B620 /* MessageComposer.swift */; };
		30A7270A1E2EF7550070B620 /* SignupViewController.swift in Sources */ = {isa = PBXBuildFile; fileRef = 30A727091E2EF7550070B620 /* SignupViewController.swift */; };
		30AA7D651DDCD0CE00DD344D /* NewMatchesView.swift in Sources */ = {isa = PBXBuildFile; fileRef = 30AA7D641DDCD0CE00DD344D /* NewMatchesView.swift */; };
		30B8D98F1E22F17D00624D52 /* AcceptedConnectionNotification.swift in Sources */ = {isa = PBXBuildFile; fileRef = 30B8D98E1E22F17D00624D52 /* AcceptedConnectionNotification.swift */; };
		30B8D9931E23FA4B00624D52 /* DBRetrievingFunctions.swift in Sources */ = {isa = PBXBuildFile; fileRef = 30B8D9921E23FA4B00624D52 /* DBRetrievingFunctions.swift */; };
		30E2AF701DD644600023AA95 /* HalfSwipeCard.swift in Sources */ = {isa = PBXBuildFile; fileRef = 30E2AF6F1DD644600023AA95 /* HalfSwipeCard.swift */; };
		30E2AF751DDA156C0023AA95 /* BentonSans-Bold.otf in Resources */ = {isa = PBXBuildFile; fileRef = 30E2AF731DDA156C0023AA95 /* BentonSans-Bold.otf */; };
		30E2AF761DDA156C0023AA95 /* BentonSans-Light.otf in Resources */ = {isa = PBXBuildFile; fileRef = 30E2AF741DDA156C0023AA95 /* BentonSans-Light.otf */; };
		30E2AF781DDA2AB70023AA95 /* ReasonForConnection.swift in Sources */ = {isa = PBXBuildFile; fileRef = 30E2AF771DDA2AB70023AA95 /* ReasonForConnection.swift */; };
		30EA352B1D4FD11E00B7F095 /* Load Page Option A Scaled to Iphone 6.png in Resources */ = {isa = PBXBuildFile; fileRef = 30EA352A1D4FD11E00B7F095 /* Load Page Option A Scaled to Iphone 6.png */; };
		67AD26D61E31353400252575 /* Constants.swift in Sources */ = {isa = PBXBuildFile; fileRef = 67AD26D51E31353400252575 /* Constants.swift */; };
		67AD26D91E31355600252575 /* BridgeType.swift in Sources */ = {isa = PBXBuildFile; fileRef = 67AD26D81E31355600252575 /* BridgeType.swift */; };
		814C3ACB1B69877600E307BB /* Images.xcassets in Resources */ = {isa = PBXBuildFile; fileRef = 814C3AC81B69877600E307BB /* Images.xcassets */; };
		81BA81771A49E0D500E65899 /* libsqlite3.dylib in Frameworks */ = {isa = PBXBuildFile; fileRef = 81BA81761A49E0D500E65899 /* libsqlite3.dylib */; };
		81BA81791A49E0DB00E65899 /* AudioToolbox.framework in Frameworks */ = {isa = PBXBuildFile; fileRef = 81BA81781A49E0DB00E65899 /* AudioToolbox.framework */; };
		81BA817B1A49E0E500E65899 /* SystemConfiguration.framework in Frameworks */ = {isa = PBXBuildFile; fileRef = 81BA817A1A49E0E500E65899 /* SystemConfiguration.framework */; };
		81BA817F1A49E0F000E65899 /* libstdc++.6.dylib in Frameworks */ = {isa = PBXBuildFile; fileRef = 81BA817E1A49E0F000E65899 /* libstdc++.6.dylib */; };
		9026A0681DDF83F1007CE4D9 /* NewMatch.swift in Sources */ = {isa = PBXBuildFile; fileRef = 9026A0671DDF83F1007CE4D9 /* NewMatch.swift */; };
		903811CE1E01E75E0021D81A /* TutorialsViewController.swift in Sources */ = {isa = PBXBuildFile; fileRef = 903811CD1E01E75E0021D81A /* TutorialsViewController.swift */; };
		903811D01E01E7F30021D81A /* SingleTutorialViewController.swift in Sources */ = {isa = PBXBuildFile; fileRef = 903811CF1E01E7F30021D81A /* SingleTutorialViewController.swift */; };
		90512CF21E26A8D900D293BD /* EditProfileViewController.swift in Sources */ = {isa = PBXBuildFile; fileRef = 90512CF11E26A8D900D293BD /* EditProfileViewController.swift */; };
		90AD62281E2E259D001F1074 /* ProfilePicturesViewController.swift in Sources */ = {isa = PBXBuildFile; fileRef = 90AD62271E2E259D001F1074 /* ProfilePicturesViewController.swift */; };
		90C931031DF9BAEE00D25740 /* FilterInfo.swift in Sources */ = {isa = PBXBuildFile; fileRef = 90C931021DF9BAEE00D25740 /* FilterInfo.swift */; };
		90CA09A91E0AF3C700330646 /* MyProfileViewController.swift in Sources */ = {isa = PBXBuildFile; fileRef = 90CA09A81E0AF3C700330646 /* MyProfileViewController.swift */; };
		90CA09AB1E0B080100330646 /* HexagonView.swift in Sources */ = {isa = PBXBuildFile; fileRef = 90CA09AA1E0B080100330646 /* HexagonView.swift */; };
		90CA09AF1E1B5D3500330646 /* AcceptIgnoreView.swift in Sources */ = {isa = PBXBuildFile; fileRef = 90CA09AE1E1B5D3400330646 /* AcceptIgnoreView.swift */; };
		90FF521C1E2D769B00FB4C90 /* ProfilePicturesView.swift in Sources */ = {isa = PBXBuildFile; fileRef = 90FF521B1E2D769B00FB4C90 /* ProfilePicturesView.swift */; };
		CB5829471CAA26D900DC86C9 /* AppDelegate.swift in Sources */ = {isa = PBXBuildFile; fileRef = CB5829441CAA26D900DC86C9 /* AppDelegate.swift */; };
		CB5829481CAA26D900DC86C9 /* BridgeViewController.swift in Sources */ = {isa = PBXBuildFile; fileRef = CB5829451CAA26D900DC86C9 /* BridgeViewController.swift */; };
		CB6A32991CC483CD00FADB13 /* SingleMessageViewController.swift in Sources */ = {isa = PBXBuildFile; fileRef = CB6A32981CC483CC00FADB13 /* SingleMessageViewController.swift */; };
		CBEFCD6B1CE53F0200695B15 /* AccountSettingsTableViewController.swift in Sources */ = {isa = PBXBuildFile; fileRef = CBEFCD6A1CE53F0200695B15 /* AccountSettingsTableViewController.swift */; };
		E977C9D31D805F630048DBD1 /* ExternalProfileViewController.swift in Sources */ = {isa = PBXBuildFile; fileRef = E977C9D21D805F620048DBD1 /* ExternalProfileViewController.swift */; };
		E9D6DF091D78808900138A1F /* NewMessageTableCell.swift in Sources */ = {isa = PBXBuildFile; fileRef = E9D6DF081D78808900138A1F /* NewMessageTableCell.swift */; };
		E9D6DF0B1D78809D00138A1F /* NewMessageViewController.swift in Sources */ = {isa = PBXBuildFile; fileRef = E9D6DF0A1D78809D00138A1F /* NewMessageViewController.swift */; };
		E9D6DF0D1D7880A600138A1F /* NewBridgeStatusViewController.swift in Sources */ = {isa = PBXBuildFile; fileRef = E9D6DF0C1D7880A600138A1F /* NewBridgeStatusViewController.swift */; };
		E9D6DF0F1D7880B700138A1F /* EditProfileViewController_Old.swift in Sources */ = {isa = PBXBuildFile; fileRef = E9D6DF0E1D7880B700138A1F /* EditProfileViewController_Old.swift */; };
		E9D6DF111D7880C400138A1F /* MessagesTableCell.swift in Sources */ = {isa = PBXBuildFile; fileRef = E9D6DF101D7880C400138A1F /* MessagesTableCell.swift */; };
		E9D6DF131D7880CC00138A1F /* PrivacyPolicyViewController.swift in Sources */ = {isa = PBXBuildFile; fileRef = E9D6DF121D7880CC00138A1F /* PrivacyPolicyViewController.swift */; };
		E9D6DF151D7880EA00138A1F /* Bolts.framework in Frameworks */ = {isa = PBXBuildFile; fileRef = E9D6DF141D7880EA00138A1F /* Bolts.framework */; };
		E9D6DF171D7880FC00138A1F /* FBSDKCoreKit.framework in Frameworks */ = {isa = PBXBuildFile; fileRef = E9D6DF161D7880FC00138A1F /* FBSDKCoreKit.framework */; };
		E9D6DF191D78810100138A1F /* FBSDKLoginKit.framework in Frameworks */ = {isa = PBXBuildFile; fileRef = E9D6DF181D78810100138A1F /* FBSDKLoginKit.framework */; };
		E9D6DF1B1D78810800138A1F /* ParseFacebookUtilsV4.framework in Frameworks */ = {isa = PBXBuildFile; fileRef = E9D6DF1A1D78810800138A1F /* ParseFacebookUtilsV4.framework */; };
		E9D6DF1D1D78810F00138A1F /* ParseUI.framework in Frameworks */ = {isa = PBXBuildFile; fileRef = E9D6DF1C1D78810F00138A1F /* ParseUI.framework */; };
		E9D6DF1F1D78811900138A1F /* Parse.framework in Frameworks */ = {isa = PBXBuildFile; fileRef = E9D6DF1E1D78811900138A1F /* Parse.framework */; };
		E9D6DF511D78836200138A1F /* SingleMessageContent.swift in Sources */ = {isa = PBXBuildFile; fileRef = E9D6DF4F1D78836200138A1F /* SingleMessageContent.swift */; };
		E9D6DF521D78836200138A1F /* SingleMessageTableCell.swift in Sources */ = {isa = PBXBuildFile; fileRef = E9D6DF501D78836200138A1F /* SingleMessageTableCell.swift */; };
		E9D6DF541D78836900138A1F /* TermsOfServiceViewController.swift in Sources */ = {isa = PBXBuildFile; fileRef = E9D6DF531D78836900138A1F /* TermsOfServiceViewController.swift */; };
		E9D6DF571D7883FD00138A1F /* MyBridgeAppDataModel.xcdatamodeld in Sources */ = {isa = PBXBuildFile; fileRef = E9D6DF551D7883FD00138A1F /* MyBridgeAppDataModel.xcdatamodeld */; };
/* End PBXBuildFile section */

/* Begin PBXFileReference section */
		1BB6AE301D5D24A800EC2E1B /* MessageContent.swift */ = {isa = PBXFileReference; fileEncoding = 4; lastKnownFileType = sourcecode.swift; name = MessageContent.swift; path = MyBridgeApp/MessageContent.swift; sourceTree = SOURCE_ROOT; };
		1BF692D71D09E32B0030B6D0 /* DataController.swift */ = {isa = PBXFileReference; fileEncoding = 4; lastKnownFileType = sourcecode.swift; name = DataController.swift; path = MyBridgeApp/DataController.swift; sourceTree = SOURCE_ROOT; };
		301B1C501E036A0100D507B8 /* AccessViewController.swift */ = {isa = PBXFileReference; fileEncoding = 4; lastKnownFileType = sourcecode.swift; name = AccessViewController.swift; path = MyBridgeApp/AccessViewController.swift; sourceTree = SOURCE_ROOT; };
		301B1C541E04473A00D507B8 /* FacebookFunctions.swift */ = {isa = PBXFileReference; fileEncoding = 4; lastKnownFileType = sourcecode.swift; name = FacebookFunctions.swift; path = "Custom Classes/Backend Communication/FacebookFunctions.swift"; sourceTree = "<group>"; };
		3030C0B01DD54E3F0077F7AC /* LocalData.swift */ = {isa = PBXFileReference; fileEncoding = 4; lastKnownFileType = sourcecode.swift; name = LocalData.swift; path = "Custom Classes/Data Storage/LocalData.swift"; sourceTree = "<group>"; };
		3030C0B11DD54E3F0077F7AC /* LocalStorageUtility.swift */ = {isa = PBXFileReference; fileEncoding = 4; lastKnownFileType = sourcecode.swift; name = LocalStorageUtility.swift; path = "Custom Classes/Data Storage/LocalStorageUtility.swift"; sourceTree = "<group>"; };
		3030C0B21DD54E3F0077F7AC /* PairInfo.swift */ = {isa = PBXFileReference; fileEncoding = 4; lastKnownFileType = sourcecode.swift; name = PairInfo.swift; path = "Custom Classes/Data Storage/PairInfo.swift"; sourceTree = "<group>"; };
		3030C0B31DD54E3F0077F7AC /* UserInfo.swift */ = {isa = PBXFileReference; fileEncoding = 4; lastKnownFileType = sourcecode.swift; name = UserInfo.swift; path = "Custom Classes/Data Storage/UserInfo.swift"; sourceTree = "<group>"; };
		3030C0B41DD54E3F0077F7AC /* UserInfoPair.swift */ = {isa = PBXFileReference; fileEncoding = 4; lastKnownFileType = sourcecode.swift; name = UserInfoPair.swift; path = "Custom Classes/Data Storage/UserInfoPair.swift"; sourceTree = "<group>"; };
		3030C0BA1DD54E470077F7AC /* Users.swift */ = {isa = PBXFileReference; fileEncoding = 4; lastKnownFileType = sourcecode.swift; name = Users.swift; path = "Custom Classes/Data Storage/Users.swift"; sourceTree = "<group>"; };
		3030C0BC1DD54E4D0077F7AC /* Users+CoreDataProperties.swift */ = {isa = PBXFileReference; fileEncoding = 4; lastKnownFileType = sourcecode.swift; name = "Users+CoreDataProperties.swift"; path = "Custom Classes/Data Storage/Users+CoreDataProperties.swift"; sourceTree = "<group>"; };
		3030C0BE1DD54E5E0077F7AC /* CustomKeyboard.swift */ = {isa = PBXFileReference; fileEncoding = 4; lastKnownFileType = sourcecode.swift; name = CustomKeyboard.swift; path = "Custom Classes/Custom Views/CustomKeyboard.swift"; sourceTree = "<group>"; };
		3030C0BF1DD54E5E0077F7AC /* CustomNavigationBar.swift */ = {isa = PBXFileReference; fileEncoding = 4; lastKnownFileType = sourcecode.swift; name = CustomNavigationBar.swift; path = "Custom Classes/Custom Views/CustomNavigationBar.swift"; sourceTree = "<group>"; };
		3030C0C01DD54E5E0077F7AC /* CustomSearchBar.swift */ = {isa = PBXFileReference; fileEncoding = 4; lastKnownFileType = sourcecode.swift; name = CustomSearchBar.swift; path = "Custom Classes/Custom Views/CustomSearchBar.swift"; sourceTree = "<group>"; };
		3030C0C11DD54E5E0077F7AC /* MissionControlView.swift */ = {isa = PBXFileReference; fileEncoding = 4; lastKnownFileType = sourcecode.swift; name = MissionControlView.swift; path = "Custom Classes/Custom Views/MissionControlView.swift"; sourceTree = "<group>"; };
		3030C0CA1DD54E8F0077F7AC /* CustomTimer.swift */ = {isa = PBXFileReference; fileEncoding = 4; lastKnownFileType = sourcecode.swift; name = CustomTimer.swift; path = "Custom Classes/Custom Functions/CustomTimer.swift"; sourceTree = "<group>"; };
		3030C0CB1DD54E8F0077F7AC /* Downloader.swift */ = {isa = PBXFileReference; fileEncoding = 4; lastKnownFileType = sourcecode.swift; name = Downloader.swift; path = "Custom Classes/Custom Functions/Downloader.swift"; sourceTree = "<group>"; };
		3030C0CC1DD54E8F0077F7AC /* modelName.swift */ = {isa = PBXFileReference; fileEncoding = 4; lastKnownFileType = sourcecode.swift; name = modelName.swift; path = "Custom Classes/Custom Functions/modelName.swift"; sourceTree = "<group>"; };
		3030C0D01DD54E9C0077F7AC /* DisplayUtility.swift */ = {isa = PBXFileReference; fileEncoding = 4; lastKnownFileType = sourcecode.swift; name = DisplayUtility.swift; path = "Custom Classes/UI Functions/DisplayUtility.swift"; sourceTree = "<group>"; };
		3030C0D11DD54E9C0077F7AC /* TransitionManager.swift */ = {isa = PBXFileReference; fileEncoding = 4; lastKnownFileType = sourcecode.swift; name = TransitionManager.swift; path = "Custom Classes/UI Functions/TransitionManager.swift"; sourceTree = "<group>"; };
		3030C0D41DD550240077F7AC /* SwipeCard.swift */ = {isa = PBXFileReference; fileEncoding = 4; lastKnownFileType = sourcecode.swift; name = SwipeCard.swift; path = "Custom Classes/Custom Views/SwipeCard.swift"; sourceTree = "<group>"; };
		304FEBDA1DDE40A200B3A8A7 /* PFCloudFunctions.swift */ = {isa = PBXFileReference; fileEncoding = 4; lastKnownFileType = sourcecode.swift; name = PFCloudFunctions.swift; path = "Custom Classes/Backend Communication/PFCloudFunctions.swift"; sourceTree = "<group>"; };
		304FEBDC1DDE413500B3A8A7 /* DBSavingFunctions.swift */ = {isa = PBXFileReference; fileEncoding = 4; lastKnownFileType = sourcecode.swift; name = DBSavingFunctions.swift; path = "Custom Classes/Backend Communication/DBSavingFunctions.swift"; sourceTree = "<group>"; };
		304FEBE01DE3918E00B3A8A7 /* DashedLine.swift */ = {isa = PBXFileReference; fileEncoding = 4; lastKnownFileType = sourcecode.swift; name = DashedLine.swift; path = "Custom Classes/Custom Views/DashedLine.swift"; sourceTree = "<group>"; };
		304FEBE21DE498A300B3A8A7 /* SendingNotificationView.swift */ = {isa = PBXFileReference; fileEncoding = 4; lastKnownFileType = sourcecode.swift; name = SendingNotificationView.swift; path = "Custom Classes/Custom Views/SendingNotificationView.swift"; sourceTree = "<group>"; };
		304FEBE61DE49EFD00B3A8A7 /* CircleView.swift */ = {isa = PBXFileReference; fileEncoding = 4; lastKnownFileType = sourcecode.swift; name = CircleView.swift; path = "Custom Classes/Custom Views/CircleView.swift"; sourceTree = "<group>"; };
		3059ABF11DEC72FB0010A81B /* TrendingView.swift */ = {isa = PBXFileReference; fileEncoding = 4; lastKnownFileType = sourcecode.swift; name = TrendingView.swift; path = "Custom Classes/Custom Views/TrendingView.swift"; sourceTree = "<group>"; };
		305A97C61DAC52600045B4F3 /* MyBridgeApp.entitlements */ = {isa = PBXFileReference; lastKnownFileType = text.plist.entitlements; name = MyBridgeApp.entitlements; path = MyBridgeApp/MyBridgeApp.entitlements; sourceTree = SOURCE_ROOT; };
		307A7F591D46619300858F96 /* ProfileViewController.swift */ = {isa = PBXFileReference; fileEncoding = 4; lastKnownFileType = sourcecode.swift; name = ProfileViewController.swift; path = MyBridgeApp/ProfileViewController.swift; sourceTree = SOURCE_ROOT; };
		307A7F5B1D46620C00858F96 /* ProfileTableViewCell.swift */ = {isa = PBXFileReference; fileEncoding = 4; lastKnownFileType = sourcecode.swift; name = ProfileTableViewCell.swift; path = MyBridgeApp/ProfileTableViewCell.swift; sourceTree = SOURCE_ROOT; };
		307A7F5D1D46763000858F96 /* ProfileTableViewCell2.swift */ = {isa = PBXFileReference; fileEncoding = 4; lastKnownFileType = sourcecode.swift; name = ProfileTableViewCell2.swift; path = MyBridgeApp/ProfileTableViewCell2.swift; sourceTree = SOURCE_ROOT; };
		30877DB01E0C63E400025EB4 /* AcceptChat.mp4 */ = {isa = PBXFileReference; lastKnownFileType = file; name = AcceptChat.mp4; path = Movies/AcceptChat.mp4; sourceTree = "<group>"; };
		30877DB11E0C63E400025EB4 /* ConnectGray.mp4 */ = {isa = PBXFileReference; lastKnownFileType = file; name = ConnectGray.mp4; path = Movies/ConnectGray.mp4; sourceTree = "<group>"; };
		30877DB21E0C63E400025EB4 /* PostGray.mp4 */ = {isa = PBXFileReference; lastKnownFileType = file; name = PostGray.mp4; path = Movies/PostGray.mp4; sourceTree = "<group>"; };
		30A726F11E2683850070B620 /* Main.storyboard */ = {isa = PBXFileReference; fileEncoding = 4; lastKnownFileType = file.storyboard; name = Main.storyboard; path = MyBridgeApp/Main.storyboard; sourceTree = SOURCE_ROOT; };
		30A726F31E26989E0070B620 /* profPic4.jpg */ = {isa = PBXFileReference; lastKnownFileType = image.jpeg; path = profPic4.jpg; sourceTree = "<group>"; };
		30A726F41E26989E0070B620 /* profpic3.jpg */ = {isa = PBXFileReference; lastKnownFileType = image.jpeg; path = profpic3.jpg; sourceTree = "<group>"; };
		30A726F51E26989E0070B620 /* ProfPic2.jpg */ = {isa = PBXFileReference; lastKnownFileType = image.jpeg; path = ProfPic2.jpg; sourceTree = "<group>"; };
		30A726FB1E27D9160070B620 /* UserSettingsViewController.swift */ = {isa = PBXFileReference; fileEncoding = 4; lastKnownFileType = sourcecode.swift; name = UserSettingsViewController.swift; path = MyBridgeApp/UserSettingsViewController.swift; sourceTree = SOURCE_ROOT; };
		30A727031E293A9A0070B620 /* MessagesViewController.swift */ = {isa = PBXFileReference; fileEncoding = 4; lastKnownFileType = sourcecode.swift; name = MessagesViewController.swift; path = MyBridgeApp/MessagesViewController.swift; sourceTree = SOURCE_ROOT; };
		30A727051E29540F0070B620 /* MessageComposer.swift */ = {isa = PBXFileReference; fileEncoding = 4; lastKnownFileType = sourcecode.swift; name = MessageComposer.swift; path = "Custom Classes/Custom Views/MessageComposer.swift"; sourceTree = "<group>"; };
		30A727091E2EF7550070B620 /* SignupViewController.swift */ = {isa = PBXFileReference; fileEncoding = 4; lastKnownFileType = sourcecode.swift; name = SignupViewController.swift; path = MyBridgeApp/SignupViewController.swift; sourceTree = SOURCE_ROOT; };
		30AA7D641DDCD0CE00DD344D /* NewMatchesView.swift */ = {isa = PBXFileReference; fileEncoding = 4; lastKnownFileType = sourcecode.swift; name = NewMatchesView.swift; path = "Custom Classes/Custom Views/NewMatchesView.swift"; sourceTree = "<group>"; };
		30B8D98E1E22F17D00624D52 /* AcceptedConnectionNotification.swift */ = {isa = PBXFileReference; fileEncoding = 4; lastKnownFileType = sourcecode.swift; name = AcceptedConnectionNotification.swift; path = "Custom Classes/Custom Views/AcceptedConnectionNotification.swift"; sourceTree = "<group>"; };
		30B8D9921E23FA4B00624D52 /* DBRetrievingFunctions.swift */ = {isa = PBXFileReference; fileEncoding = 4; lastKnownFileType = sourcecode.swift; name = DBRetrievingFunctions.swift; path = "Custom Classes/Backend Communication/DBRetrievingFunctions.swift"; sourceTree = "<group>"; };
		30E2AF6F1DD644600023AA95 /* HalfSwipeCard.swift */ = {isa = PBXFileReference; fileEncoding = 4; lastKnownFileType = sourcecode.swift; name = HalfSwipeCard.swift; path = "Custom Classes/Custom Views/HalfSwipeCard.swift"; sourceTree = "<group>"; };
		30E2AF731DDA156C0023AA95 /* BentonSans-Bold.otf */ = {isa = PBXFileReference; lastKnownFileType = file; path = "BentonSans-Bold.otf"; sourceTree = "<group>"; };
		30E2AF741DDA156C0023AA95 /* BentonSans-Light.otf */ = {isa = PBXFileReference; lastKnownFileType = file; path = "BentonSans-Light.otf"; sourceTree = "<group>"; };
		30E2AF771DDA2AB70023AA95 /* ReasonForConnection.swift */ = {isa = PBXFileReference; fileEncoding = 4; lastKnownFileType = sourcecode.swift; name = ReasonForConnection.swift; path = "Custom Classes/Custom Views/ReasonForConnection.swift"; sourceTree = "<group>"; };
		30EA352A1D4FD11E00B7F095 /* Load Page Option A Scaled to Iphone 6.png */ = {isa = PBXFileReference; lastKnownFileType = image.png; path = "Load Page Option A Scaled to Iphone 6.png"; sourceTree = "<group>"; };
		67AD26D51E31353400252575 /* Constants.swift */ = {isa = PBXFileReference; fileEncoding = 4; lastKnownFileType = sourcecode.swift; name = Constants.swift; path = MyBridgeApp/Constants.swift; sourceTree = "<group>"; };
		67AD26D81E31355600252575 /* BridgeType.swift */ = {isa = PBXFileReference; fileEncoding = 4; lastKnownFileType = sourcecode.swift; name = BridgeType.swift; path = MyBridgeApp/Types/BridgeType.swift; sourceTree = "<group>"; };
		814C3AC81B69877600E307BB /* Images.xcassets */ = {isa = PBXFileReference; lastKnownFileType = folder.assetcatalog; path = Images.xcassets; sourceTree = "<group>"; };
		814C3AC91B69877600E307BB /* Info.plist */ = {isa = PBXFileReference; fileEncoding = 4; lastKnownFileType = text.plist.xml; path = Info.plist; sourceTree = "<group>"; };
		81BA81451A49DA1800E65899 /* MyBridgeApp.app */ = {isa = PBXFileReference; explicitFileType = wrapper.application; includeInIndex = 0; path = MyBridgeApp.app; sourceTree = BUILT_PRODUCTS_DIR; };
		81BA81761A49E0D500E65899 /* libsqlite3.dylib */ = {isa = PBXFileReference; lastKnownFileType = "compiled.mach-o.dylib"; name = libsqlite3.dylib; path = usr/lib/libsqlite3.dylib; sourceTree = SDKROOT; };
		81BA81781A49E0DB00E65899 /* AudioToolbox.framework */ = {isa = PBXFileReference; lastKnownFileType = wrapper.framework; name = AudioToolbox.framework; path = System/Library/Frameworks/AudioToolbox.framework; sourceTree = SDKROOT; };
		81BA817A1A49E0E500E65899 /* SystemConfiguration.framework */ = {isa = PBXFileReference; lastKnownFileType = wrapper.framework; name = SystemConfiguration.framework; path = System/Library/Frameworks/SystemConfiguration.framework; sourceTree = SDKROOT; };
		81BA817E1A49E0F000E65899 /* libstdc++.6.dylib */ = {isa = PBXFileReference; lastKnownFileType = "compiled.mach-o.dylib"; name = "libstdc++.6.dylib"; path = "usr/lib/libstdc++.6.dylib"; sourceTree = SDKROOT; };
		9026A0671DDF83F1007CE4D9 /* NewMatch.swift */ = {isa = PBXFileReference; fileEncoding = 4; lastKnownFileType = sourcecode.swift; name = NewMatch.swift; path = "Custom Classes/Data Storage/NewMatch.swift"; sourceTree = "<group>"; };
		903811CD1E01E75E0021D81A /* TutorialsViewController.swift */ = {isa = PBXFileReference; fileEncoding = 4; lastKnownFileType = sourcecode.swift; name = TutorialsViewController.swift; path = MyBridgeApp/TutorialsViewController.swift; sourceTree = SOURCE_ROOT; };
		903811CF1E01E7F30021D81A /* SingleTutorialViewController.swift */ = {isa = PBXFileReference; fileEncoding = 4; lastKnownFileType = sourcecode.swift; name = SingleTutorialViewController.swift; path = MyBridgeApp/SingleTutorialViewController.swift; sourceTree = SOURCE_ROOT; };
		90512CF11E26A8D900D293BD /* EditProfileViewController.swift */ = {isa = PBXFileReference; fileEncoding = 4; lastKnownFileType = sourcecode.swift; name = EditProfileViewController.swift; path = MyBridgeApp/EditProfileViewController.swift; sourceTree = SOURCE_ROOT; };
		90AD62271E2E259D001F1074 /* ProfilePicturesViewController.swift */ = {isa = PBXFileReference; fileEncoding = 4; lastKnownFileType = sourcecode.swift; name = ProfilePicturesViewController.swift; path = MyBridgeApp/ProfilePicturesViewController.swift; sourceTree = SOURCE_ROOT; };
		90C931021DF9BAEE00D25740 /* FilterInfo.swift */ = {isa = PBXFileReference; fileEncoding = 4; lastKnownFileType = sourcecode.swift; name = FilterInfo.swift; path = "Custom Classes/Data Storage/FilterInfo.swift"; sourceTree = "<group>"; };
		90CA09A81E0AF3C700330646 /* MyProfileViewController.swift */ = {isa = PBXFileReference; fileEncoding = 4; lastKnownFileType = sourcecode.swift; name = MyProfileViewController.swift; path = MyBridgeApp/MyProfileViewController.swift; sourceTree = SOURCE_ROOT; };
		90CA09AA1E0B080100330646 /* HexagonView.swift */ = {isa = PBXFileReference; fileEncoding = 4; lastKnownFileType = sourcecode.swift; name = HexagonView.swift; path = "Custom Classes/Custom Views/HexagonView.swift"; sourceTree = "<group>"; };
		90CA09AE1E1B5D3400330646 /* AcceptIgnoreView.swift */ = {isa = PBXFileReference; fileEncoding = 4; lastKnownFileType = sourcecode.swift; name = AcceptIgnoreView.swift; path = "Custom Classes/Custom Views/AcceptIgnoreView.swift"; sourceTree = "<group>"; };
		90FF521B1E2D769B00FB4C90 /* ProfilePicturesView.swift */ = {isa = PBXFileReference; fileEncoding = 4; lastKnownFileType = sourcecode.swift; name = ProfilePicturesView.swift; path = "Custom Classes/Custom Views/ProfilePicturesView.swift"; sourceTree = "<group>"; };
		CB5829441CAA26D900DC86C9 /* AppDelegate.swift */ = {isa = PBXFileReference; fileEncoding = 4; lastKnownFileType = sourcecode.swift; name = AppDelegate.swift; path = MyBridgeApp/AppDelegate.swift; sourceTree = SOURCE_ROOT; };
		CB5829451CAA26D900DC86C9 /* BridgeViewController.swift */ = {isa = PBXFileReference; fileEncoding = 4; lastKnownFileType = sourcecode.swift; name = BridgeViewController.swift; path = MyBridgeApp/BridgeViewController.swift; sourceTree = SOURCE_ROOT; };
		CB6A32981CC483CC00FADB13 /* SingleMessageViewController.swift */ = {isa = PBXFileReference; fileEncoding = 4; lastKnownFileType = sourcecode.swift; name = SingleMessageViewController.swift; path = MyBridgeApp/SingleMessageViewController.swift; sourceTree = SOURCE_ROOT; };
		CBEFCD6A1CE53F0200695B15 /* AccountSettingsTableViewController.swift */ = {isa = PBXFileReference; fileEncoding = 4; lastKnownFileType = sourcecode.swift; name = AccountSettingsTableViewController.swift; path = MyBridgeApp/AccountSettingsTableViewController.swift; sourceTree = SOURCE_ROOT; };
		E977C9D21D805F620048DBD1 /* ExternalProfileViewController.swift */ = {isa = PBXFileReference; fileEncoding = 4; lastKnownFileType = sourcecode.swift; name = ExternalProfileViewController.swift; path = MyBridgeApp/ExternalProfileViewController.swift; sourceTree = SOURCE_ROOT; };
		E9D6DF081D78808900138A1F /* NewMessageTableCell.swift */ = {isa = PBXFileReference; fileEncoding = 4; lastKnownFileType = sourcecode.swift; name = NewMessageTableCell.swift; path = MyBridgeApp/NewMessageTableCell.swift; sourceTree = SOURCE_ROOT; };
		E9D6DF0A1D78809D00138A1F /* NewMessageViewController.swift */ = {isa = PBXFileReference; fileEncoding = 4; lastKnownFileType = sourcecode.swift; name = NewMessageViewController.swift; path = MyBridgeApp/NewMessageViewController.swift; sourceTree = SOURCE_ROOT; };
		E9D6DF0C1D7880A600138A1F /* NewBridgeStatusViewController.swift */ = {isa = PBXFileReference; fileEncoding = 4; lastKnownFileType = sourcecode.swift; name = NewBridgeStatusViewController.swift; path = MyBridgeApp/NewBridgeStatusViewController.swift; sourceTree = SOURCE_ROOT; };
		E9D6DF0E1D7880B700138A1F /* EditProfileViewController_Old.swift */ = {isa = PBXFileReference; fileEncoding = 4; lastKnownFileType = sourcecode.swift; name = EditProfileViewController_Old.swift; path = MyBridgeApp/EditProfileViewController_Old.swift; sourceTree = SOURCE_ROOT; };
		E9D6DF101D7880C400138A1F /* MessagesTableCell.swift */ = {isa = PBXFileReference; fileEncoding = 4; lastKnownFileType = sourcecode.swift; name = MessagesTableCell.swift; path = MyBridgeApp/MessagesTableCell.swift; sourceTree = SOURCE_ROOT; };
		E9D6DF121D7880CC00138A1F /* PrivacyPolicyViewController.swift */ = {isa = PBXFileReference; fileEncoding = 4; lastKnownFileType = sourcecode.swift; name = PrivacyPolicyViewController.swift; path = MyBridgeApp/PrivacyPolicyViewController.swift; sourceTree = SOURCE_ROOT; };
		E9D6DF141D7880EA00138A1F /* Bolts.framework */ = {isa = PBXFileReference; lastKnownFileType = wrapper.framework; name = Bolts.framework; path = Frameworks/Bolts.framework; sourceTree = "<group>"; };
		E9D6DF161D7880FC00138A1F /* FBSDKCoreKit.framework */ = {isa = PBXFileReference; lastKnownFileType = wrapper.framework; name = FBSDKCoreKit.framework; path = Frameworks/FBSDKCoreKit.framework; sourceTree = "<group>"; };
		E9D6DF181D78810100138A1F /* FBSDKLoginKit.framework */ = {isa = PBXFileReference; lastKnownFileType = wrapper.framework; name = FBSDKLoginKit.framework; path = Frameworks/FBSDKLoginKit.framework; sourceTree = "<group>"; };
		E9D6DF1A1D78810800138A1F /* ParseFacebookUtilsV4.framework */ = {isa = PBXFileReference; lastKnownFileType = wrapper.framework; name = ParseFacebookUtilsV4.framework; path = Frameworks/ParseFacebookUtilsV4.framework; sourceTree = "<group>"; };
		E9D6DF1C1D78810F00138A1F /* ParseUI.framework */ = {isa = PBXFileReference; lastKnownFileType = wrapper.framework; name = ParseUI.framework; path = Frameworks/ParseUI.framework; sourceTree = "<group>"; };
		E9D6DF1E1D78811900138A1F /* Parse.framework */ = {isa = PBXFileReference; lastKnownFileType = wrapper.framework; name = Parse.framework; path = Frameworks/Parse.framework; sourceTree = "<group>"; };
		E9D6DF4F1D78836200138A1F /* SingleMessageContent.swift */ = {isa = PBXFileReference; fileEncoding = 4; lastKnownFileType = sourcecode.swift; name = SingleMessageContent.swift; path = MyBridgeApp/SingleMessageContent.swift; sourceTree = SOURCE_ROOT; };
		E9D6DF501D78836200138A1F /* SingleMessageTableCell.swift */ = {isa = PBXFileReference; fileEncoding = 4; lastKnownFileType = sourcecode.swift; name = SingleMessageTableCell.swift; path = MyBridgeApp/SingleMessageTableCell.swift; sourceTree = SOURCE_ROOT; };
		E9D6DF531D78836900138A1F /* TermsOfServiceViewController.swift */ = {isa = PBXFileReference; fileEncoding = 4; lastKnownFileType = sourcecode.swift; name = TermsOfServiceViewController.swift; path = MyBridgeApp/TermsOfServiceViewController.swift; sourceTree = SOURCE_ROOT; };
		E9D6DF561D7883FD00138A1F /* MyBridgeAppDataModel.xcdatamodel */ = {isa = PBXFileReference; lastKnownFileType = wrapper.xcdatamodel; path = MyBridgeAppDataModel.xcdatamodel; sourceTree = "<group>"; };
/* End PBXFileReference section */

/* Begin PBXFrameworksBuildPhase section */
		81BA81421A49DA1800E65899 /* Frameworks */ = {
			isa = PBXFrameworksBuildPhase;
			buildActionMask = 2147483647;
			files = (
				E9D6DF171D7880FC00138A1F /* FBSDKCoreKit.framework in Frameworks */,
				E9D6DF1B1D78810800138A1F /* ParseFacebookUtilsV4.framework in Frameworks */,
				81BA817F1A49E0F000E65899 /* libstdc++.6.dylib in Frameworks */,
				E9D6DF1F1D78811900138A1F /* Parse.framework in Frameworks */,
				81BA817B1A49E0E500E65899 /* SystemConfiguration.framework in Frameworks */,
				81BA81791A49E0DB00E65899 /* AudioToolbox.framework in Frameworks */,
				E9D6DF191D78810100138A1F /* FBSDKLoginKit.framework in Frameworks */,
				81BA81771A49E0D500E65899 /* libsqlite3.dylib in Frameworks */,
				E9D6DF151D7880EA00138A1F /* Bolts.framework in Frameworks */,
				E9D6DF1D1D78810F00138A1F /* ParseUI.framework in Frameworks */,
			);
			runOnlyForDeploymentPostprocessing = 0;
		};
/* End PBXFrameworksBuildPhase section */

/* Begin PBXGroup section */
		3030C0AB1DD54CC70077F7AC /* Data Storage */ = {
			isa = PBXGroup;
			children = (
				3030C0B01DD54E3F0077F7AC /* LocalData.swift */,
				3030C0B11DD54E3F0077F7AC /* LocalStorageUtility.swift */,
				3030C0B21DD54E3F0077F7AC /* PairInfo.swift */,
				3030C0B31DD54E3F0077F7AC /* UserInfo.swift */,
				3030C0B41DD54E3F0077F7AC /* UserInfoPair.swift */,
				3030C0BA1DD54E470077F7AC /* Users.swift */,
				3030C0BC1DD54E4D0077F7AC /* Users+CoreDataProperties.swift */,
				9026A0671DDF83F1007CE4D9 /* NewMatch.swift */,
				90C931021DF9BAEE00D25740 /* FilterInfo.swift */,
			);
			name = "Data Storage";
			sourceTree = "<group>";
		};
		3030C0AC1DD54CEA0077F7AC /* Custom Views */ = {
			isa = PBXGroup;
			children = (
				304FEBE61DE49EFD00B3A8A7 /* CircleView.swift */,
				304FEBE21DE498A300B3A8A7 /* SendingNotificationView.swift */,
				3030C0BE1DD54E5E0077F7AC /* CustomKeyboard.swift */,
				3030C0BF1DD54E5E0077F7AC /* CustomNavigationBar.swift */,
				3030C0C01DD54E5E0077F7AC /* CustomSearchBar.swift */,
				30B8D98E1E22F17D00624D52 /* AcceptedConnectionNotification.swift */,
				30A727051E29540F0070B620 /* MessageComposer.swift */,
				3030C0C11DD54E5E0077F7AC /* MissionControlView.swift */,
				3059ABF11DEC72FB0010A81B /* TrendingView.swift */,
				3030C0D41DD550240077F7AC /* SwipeCard.swift */,
				30E2AF6F1DD644600023AA95 /* HalfSwipeCard.swift */,
				30E2AF771DDA2AB70023AA95 /* ReasonForConnection.swift */,
				304FEBE01DE3918E00B3A8A7 /* DashedLine.swift */,
				30AA7D641DDCD0CE00DD344D /* NewMatchesView.swift */,
				90CA09AA1E0B080100330646 /* HexagonView.swift */,
				90FF521B1E2D769B00FB4C90 /* ProfilePicturesView.swift */,
				90CA09AE1E1B5D3400330646 /* AcceptIgnoreView.swift */,
			);
			name = "Custom Views";
			sourceTree = "<group>";
		};
		3030C0AD1DD54D310077F7AC /* Backend Communication */ = {
			isa = PBXGroup;
			children = (
				301B1C541E04473A00D507B8 /* FacebookFunctions.swift */,
				304FEBDA1DDE40A200B3A8A7 /* PFCloudFunctions.swift */,
				304FEBDC1DDE413500B3A8A7 /* DBSavingFunctions.swift */,
				30B8D9921E23FA4B00624D52 /* DBRetrievingFunctions.swift */,
			);
			name = "Backend Communication";
			sourceTree = "<group>";
		};
		3030C0AE1DD54D800077F7AC /* UI Functions */ = {
			isa = PBXGroup;
			children = (
				3030C0D01DD54E9C0077F7AC /* DisplayUtility.swift */,
				3030C0D11DD54E9C0077F7AC /* TransitionManager.swift */,
			);
			name = "UI Functions";
			sourceTree = "<group>";
		};
		3030C0AF1DD54DA00077F7AC /* Custom Functions */ = {
			isa = PBXGroup;
			children = (
				3030C0CA1DD54E8F0077F7AC /* CustomTimer.swift */,
				3030C0CB1DD54E8F0077F7AC /* Downloader.swift */,
				3030C0CC1DD54E8F0077F7AC /* modelName.swift */,
			);
			name = "Custom Functions";
			sourceTree = "<group>";
		};
		30877D9D1E0B7DE600025EB4 /* Movies */ = {
			isa = PBXGroup;
			children = (
				30877DB01E0C63E400025EB4 /* AcceptChat.mp4 */,
				30877DB11E0C63E400025EB4 /* ConnectGray.mp4 */,
				30877DB21E0C63E400025EB4 /* PostGray.mp4 */,
			);
			name = Movies;
			sourceTree = "<group>";
		};
		67AD26D71E31353D00252575 /* Types */ = {
			isa = PBXGroup;
			children = (
				67AD26D81E31355600252575 /* BridgeType.swift */,
			);
			name = Types;
			sourceTree = "<group>";
		};
		814C3AC51B69877600E307BB /* Resources */ = {
			isa = PBXGroup;
			children = (
				30E2AF731DDA156C0023AA95 /* BentonSans-Bold.otf */,
				30E2AF741DDA156C0023AA95 /* BentonSans-Light.otf */,
				E9D6DF551D7883FD00138A1F /* MyBridgeAppDataModel.xcdatamodeld */,
				30EA352A1D4FD11E00B7F095 /* Load Page Option A Scaled to Iphone 6.png */,
				814C3AC81B69877600E307BB /* Images.xcassets */,
				814C3AC91B69877600E307BB /* Info.plist */,
				30A726F31E26989E0070B620 /* profPic4.jpg */,
				30A726F41E26989E0070B620 /* profpic3.jpg */,
				30A726F51E26989E0070B620 /* ProfPic2.jpg */,
			);
			path = Resources;
			sourceTree = "<group>";
		};
		81BA813C1A49DA1800E65899 = {
			isa = PBXGroup;
			children = (
				67AD26D51E31353400252575 /* Constants.swift */,
				67AD26D71E31353D00252575 /* Types */,
				E9D6DF201D78820F00138A1F /* Custom Classes */,
				81BA81471A49DA1800E65899 /* MyBridgeApp */,
				30877D9D1E0B7DE600025EB4 /* Movies */,
				814C3AC51B69877600E307BB /* Resources */,
				81BA816A1A49DB5600E65899 /* Frameworks */,
				81BA81461A49DA1800E65899 /* Products */,
			);
			sourceTree = "<group>";
		};
		81BA81461A49DA1800E65899 /* Products */ = {
			isa = PBXGroup;
			children = (
				81BA81451A49DA1800E65899 /* MyBridgeApp.app */,
			);
			name = Products;
			sourceTree = "<group>";
		};
		81BA81471A49DA1800E65899 /* MyBridgeApp */ = {
			isa = PBXGroup;
			children = (
				305A97C61DAC52600045B4F3 /* MyBridgeApp.entitlements */,
				CB5829441CAA26D900DC86C9 /* AppDelegate.swift */,
				301B1C501E036A0100D507B8 /* AccessViewController.swift */,
				30A727091E2EF7550070B620 /* SignupViewController.swift */,
				CB5829451CAA26D900DC86C9 /* BridgeViewController.swift */,
				30A726FB1E27D9160070B620 /* UserSettingsViewController.swift */,
				E9D6DF0C1D7880A600138A1F /* NewBridgeStatusViewController.swift */,
				E9D6DF0A1D78809D00138A1F /* NewMessageViewController.swift */,
				E9D6DF081D78808900138A1F /* NewMessageTableCell.swift */,
				90CA09A81E0AF3C700330646 /* MyProfileViewController.swift */,
				90512CF11E26A8D900D293BD /* EditProfileViewController.swift */,
				90AD62271E2E259D001F1074 /* ProfilePicturesViewController.swift */,
				307A7F591D46619300858F96 /* ProfileViewController.swift */,
				E9D6DF0E1D7880B700138A1F /* EditProfileViewController_Old.swift */,
				307A7F5B1D46620C00858F96 /* ProfileTableViewCell.swift */,
				307A7F5D1D46763000858F96 /* ProfileTableViewCell2.swift */,
				E977C9D21D805F620048DBD1 /* ExternalProfileViewController.swift */,
				30A727031E293A9A0070B620 /* MessagesViewController.swift */,
				1BB6AE301D5D24A800EC2E1B /* MessageContent.swift */,
				E9D6DF101D7880C400138A1F /* MessagesTableCell.swift */,
				CB6A32981CC483CC00FADB13 /* SingleMessageViewController.swift */,
				E9D6DF4F1D78836200138A1F /* SingleMessageContent.swift */,
				E9D6DF501D78836200138A1F /* SingleMessageTableCell.swift */,
				CBEFCD6A1CE53F0200695B15 /* AccountSettingsTableViewController.swift */,
				1BF692D71D09E32B0030B6D0 /* DataController.swift */,
				E9D6DF531D78836900138A1F /* TermsOfServiceViewController.swift */,
				E9D6DF121D7880CC00138A1F /* PrivacyPolicyViewController.swift */,
				903811CD1E01E75E0021D81A /* TutorialsViewController.swift */,
				903811CF1E01E7F30021D81A /* SingleTutorialViewController.swift */,
				30A726F11E2683850070B620 /* Main.storyboard */,
			);
			name = MyBridgeApp;
			path = ParseStarterProject;
			sourceTree = "<group>";
		};
		81BA816A1A49DB5600E65899 /* Frameworks */ = {
			isa = PBXGroup;
			children = (
				E9D6DF141D7880EA00138A1F /* Bolts.framework */,
				E9D6DF1E1D78811900138A1F /* Parse.framework */,
				E9D6DF161D7880FC00138A1F /* FBSDKCoreKit.framework */,
				E9D6DF181D78810100138A1F /* FBSDKLoginKit.framework */,
				E9D6DF1A1D78810800138A1F /* ParseFacebookUtilsV4.framework */,
				E9D6DF1C1D78810F00138A1F /* ParseUI.framework */,
				81BA81751A49E0C500E65899 /* System Frameworks */,
			);
			name = Frameworks;
			sourceTree = "<group>";
		};
		81BA81751A49E0C500E65899 /* System Frameworks */ = {
			isa = PBXGroup;
			children = (
				81BA817E1A49E0F000E65899 /* libstdc++.6.dylib */,
				81BA817A1A49E0E500E65899 /* SystemConfiguration.framework */,
				81BA81781A49E0DB00E65899 /* AudioToolbox.framework */,
				81BA81761A49E0D500E65899 /* libsqlite3.dylib */,
			);
			name = "System Frameworks";
			sourceTree = "<group>";
		};
		E9D6DF201D78820F00138A1F /* Custom Classes */ = {
			isa = PBXGroup;
			children = (
				3030C0AB1DD54CC70077F7AC /* Data Storage */,
				3030C0AC1DD54CEA0077F7AC /* Custom Views */,
				3030C0AD1DD54D310077F7AC /* Backend Communication */,
				3030C0AF1DD54DA00077F7AC /* Custom Functions */,
				3030C0AE1DD54D800077F7AC /* UI Functions */,
			);
			name = "Custom Classes";
			sourceTree = "<group>";
		};
/* End PBXGroup section */

/* Begin PBXNativeTarget section */
		81BA81441A49DA1800E65899 /* MyBridgeApp */ = {
			isa = PBXNativeTarget;
			buildConfigurationList = 81BA81641A49DA1800E65899 /* Build configuration list for PBXNativeTarget "MyBridgeApp" */;
			buildPhases = (
				81BA81411A49DA1800E65899 /* Sources */,
				81BA81421A49DA1800E65899 /* Frameworks */,
				81BA81431A49DA1800E65899 /* Resources */,
			);
			buildRules = (
			);
			dependencies = (
			);
			name = MyBridgeApp;
			productName = ParseStarterProject;
			productReference = 81BA81451A49DA1800E65899 /* MyBridgeApp.app */;
			productType = "com.apple.product-type.application";
		};
/* End PBXNativeTarget section */

/* Begin PBXProject section */
		81BA813D1A49DA1800E65899 /* Project object */ = {
			isa = PBXProject;
			attributes = {
				LastSwiftUpdateCheck = 0730;
				LastUpgradeCheck = 0800;
				ORGANIZATIONNAME = Parse;
				TargetAttributes = {
					81BA81441A49DA1800E65899 = {
						CreatedOnToolsVersion = 6.1.1;
						DevelopmentTeam = 7Y7JRS85QB;
						LastSwiftMigration = 0800;
						ProvisioningStyle = Automatic;
						SystemCapabilities = {
							com.apple.Push = {
								enabled = 1;
							};
						};
					};
				};
			};
			buildConfigurationList = 81BA81401A49DA1800E65899 /* Build configuration list for PBXProject "MyBridgeApp" */;
			compatibilityVersion = "Xcode 3.2";
			developmentRegion = English;
			hasScannedForEncodings = 0;
			knownRegions = (
				en,
				Base,
			);
			mainGroup = 81BA813C1A49DA1800E65899;
			productRefGroup = 81BA81461A49DA1800E65899 /* Products */;
			projectDirPath = "";
			projectRoot = "";
			targets = (
				81BA81441A49DA1800E65899 /* MyBridgeApp */,
			);
		};
/* End PBXProject section */

/* Begin PBXResourcesBuildPhase section */
		81BA81431A49DA1800E65899 /* Resources */ = {
			isa = PBXResourcesBuildPhase;
			buildActionMask = 2147483647;
			files = (
				814C3ACB1B69877600E307BB /* Images.xcassets in Resources */,
				30A726F71E26989E0070B620 /* profpic3.jpg in Resources */,
				30EA352B1D4FD11E00B7F095 /* Load Page Option A Scaled to Iphone 6.png in Resources */,
				30E2AF751DDA156C0023AA95 /* BentonSans-Bold.otf in Resources */,
				30A726F21E2683850070B620 /* Main.storyboard in Resources */,
				30877DB51E0C63E400025EB4 /* PostGray.mp4 in Resources */,
				30E2AF761DDA156C0023AA95 /* BentonSans-Light.otf in Resources */,
				30877DB31E0C63E400025EB4 /* AcceptChat.mp4 in Resources */,
				30877DB41E0C63E400025EB4 /* ConnectGray.mp4 in Resources */,
				30A726F61E26989E0070B620 /* profPic4.jpg in Resources */,
				30A726F81E26989E0070B620 /* ProfPic2.jpg in Resources */,
			);
			runOnlyForDeploymentPostprocessing = 0;
		};
/* End PBXResourcesBuildPhase section */

/* Begin PBXSourcesBuildPhase section */
		81BA81411A49DA1800E65899 /* Sources */ = {
			isa = PBXSourcesBuildPhase;
			buildActionMask = 2147483647;
			files = (
				9026A0681DDF83F1007CE4D9 /* NewMatch.swift in Sources */,
				E9D6DF131D7880CC00138A1F /* PrivacyPolicyViewController.swift in Sources */,
				E9D6DF511D78836200138A1F /* SingleMessageContent.swift in Sources */,
				3030C0B81DD54E3F0077F7AC /* UserInfo.swift in Sources */,
				304FEBE71DE49EFD00B3A8A7 /* CircleView.swift in Sources */,
				3030C0B71DD54E3F0077F7AC /* PairInfo.swift in Sources */,
				E9D6DF571D7883FD00138A1F /* MyBridgeAppDataModel.xcdatamodeld in Sources */,
				90FF521C1E2D769B00FB4C90 /* ProfilePicturesView.swift in Sources */,
				E9D6DF111D7880C400138A1F /* MessagesTableCell.swift in Sources */,
				3059ABF21DEC72FB0010A81B /* TrendingView.swift in Sources */,
				67AD26D91E31355600252575 /* BridgeType.swift in Sources */,
				3030C0B91DD54E3F0077F7AC /* UserInfoPair.swift in Sources */,
				3030C0BB1DD54E470077F7AC /* Users.swift in Sources */,
				30AA7D651DDCD0CE00DD344D /* NewMatchesView.swift in Sources */,
				1BB6AE311D5D24A800EC2E1B /* MessageContent.swift in Sources */,
				90512CF21E26A8D900D293BD /* EditProfileViewController.swift in Sources */,
				E9D6DF0B1D78809D00138A1F /* NewMessageViewController.swift in Sources */,
				3030C0BD1DD54E4D0077F7AC /* Users+CoreDataProperties.swift in Sources */,
				3030C0B61DD54E3F0077F7AC /* LocalStorageUtility.swift in Sources */,
				307A7F5C1D46620C00858F96 /* ProfileTableViewCell.swift in Sources */,
				3030C0C41DD54E5E0077F7AC /* CustomSearchBar.swift in Sources */,
				67AD26D61E31353400252575 /* Constants.swift in Sources */,
				90C931031DF9BAEE00D25740 /* FilterInfo.swift in Sources */,
				30A727061E29540F0070B620 /* MessageComposer.swift in Sources */,
				307A7F5E1D46763000858F96 /* ProfileTableViewCell2.swift in Sources */,
				1BF692D81D09E32B0030B6D0 /* DataController.swift in Sources */,
				301B1C511E036A0100D507B8 /* AccessViewController.swift in Sources */,
				307A7F5A1D46619300858F96 /* ProfileViewController.swift in Sources */,
				CBEFCD6B1CE53F0200695B15 /* AccountSettingsTableViewController.swift in Sources */,
				304FEBE11DE3918E00B3A8A7 /* DashedLine.swift in Sources */,
				30A726FC1E27D9160070B620 /* UserSettingsViewController.swift in Sources */,
				30E2AF701DD644600023AA95 /* HalfSwipeCard.swift in Sources */,
				CB6A32991CC483CD00FADB13 /* SingleMessageViewController.swift in Sources */,
				304FEBDB1DDE40A200B3A8A7 /* PFCloudFunctions.swift in Sources */,
				304FEBE31DE498A300B3A8A7 /* SendingNotificationView.swift in Sources */,
				3030C0D21DD54E9C0077F7AC /* DisplayUtility.swift in Sources */,
				3030C0D31DD54E9C0077F7AC /* TransitionManager.swift in Sources */,
				304FEBDD1DDE413500B3A8A7 /* DBSavingFunctions.swift in Sources */,
				E9D6DF521D78836200138A1F /* SingleMessageTableCell.swift in Sources */,
				903811CE1E01E75E0021D81A /* TutorialsViewController.swift in Sources */,
				E977C9D31D805F630048DBD1 /* ExternalProfileViewController.swift in Sources */,
				90CA09A91E0AF3C700330646 /* MyProfileViewController.swift in Sources */,
				3030C0C31DD54E5E0077F7AC /* CustomNavigationBar.swift in Sources */,
				30A727041E293A9A0070B620 /* MessagesViewController.swift in Sources */,
				30A7270A1E2EF7550070B620 /* SignupViewController.swift in Sources */,
				E9D6DF091D78808900138A1F /* NewMessageTableCell.swift in Sources */,
				90CA09AB1E0B080100330646 /* HexagonView.swift in Sources */,
				3030C0C51DD54E5E0077F7AC /* MissionControlView.swift in Sources */,
				90CA09AF1E1B5D3500330646 /* AcceptIgnoreView.swift in Sources */,
				E9D6DF0D1D7880A600138A1F /* NewBridgeStatusViewController.swift in Sources */,
				30B8D98F1E22F17D00624D52 /* AcceptedConnectionNotification.swift in Sources */,
				301B1C551E04473A00D507B8 /* FacebookFunctions.swift in Sources */,
				CB5829471CAA26D900DC86C9 /* AppDelegate.swift in Sources */,
				3030C0CF1DD54E8F0077F7AC /* modelName.swift in Sources */,
				E9D6DF0F1D7880B700138A1F /* EditProfileViewController_Old.swift in Sources */,
				3030C0C21DD54E5E0077F7AC /* CustomKeyboard.swift in Sources */,
				3030C0D51DD550240077F7AC /* SwipeCard.swift in Sources */,
				3030C0B51DD54E3F0077F7AC /* LocalData.swift in Sources */,
				30E2AF781DDA2AB70023AA95 /* ReasonForConnection.swift in Sources */,
				3030C0CD1DD54E8F0077F7AC /* CustomTimer.swift in Sources */,
				E9D6DF541D78836900138A1F /* TermsOfServiceViewController.swift in Sources */,
				CB5829481CAA26D900DC86C9 /* BridgeViewController.swift in Sources */,
				90AD62281E2E259D001F1074 /* ProfilePicturesViewController.swift in Sources */,
				30B8D9931E23FA4B00624D52 /* DBRetrievingFunctions.swift in Sources */,
				3030C0CE1DD54E8F0077F7AC /* Downloader.swift in Sources */,
				903811D01E01E7F30021D81A /* SingleTutorialViewController.swift in Sources */,
			);
			runOnlyForDeploymentPostprocessing = 0;
		};
/* End PBXSourcesBuildPhase section */

/* Begin XCBuildConfiguration section */
		81BA81621A49DA1800E65899 /* Debug */ = {
			isa = XCBuildConfiguration;
			buildSettings = {
				ALWAYS_SEARCH_USER_PATHS = NO;
				CLANG_CXX_LANGUAGE_STANDARD = "gnu++0x";
				CLANG_CXX_LIBRARY = "libc++";
				CLANG_ENABLE_MODULES = YES;
				CLANG_ENABLE_OBJC_ARC = YES;
				CLANG_WARN_BOOL_CONVERSION = YES;
				CLANG_WARN_CONSTANT_CONVERSION = YES;
				CLANG_WARN_DIRECT_OBJC_ISA_USAGE = YES_ERROR;
				CLANG_WARN_EMPTY_BODY = YES;
				CLANG_WARN_ENUM_CONVERSION = YES;
				CLANG_WARN_INFINITE_RECURSION = YES;
				CLANG_WARN_INT_CONVERSION = YES;
				CLANG_WARN_OBJC_ROOT_CLASS = YES_ERROR;
				CLANG_WARN_SUSPICIOUS_MOVE = YES;
				CLANG_WARN_UNREACHABLE_CODE = YES;
				CLANG_WARN__DUPLICATE_METHOD_MATCH = YES;
				"CODE_SIGN_IDENTITY[sdk=iphoneos*]" = "iPhone Developer";
				COPY_PHASE_STRIP = NO;
				ENABLE_STRICT_OBJC_MSGSEND = YES;
				ENABLE_TESTABILITY = YES;
				GCC_C_LANGUAGE_STANDARD = gnu99;
				GCC_DYNAMIC_NO_PIC = NO;
				GCC_NO_COMMON_BLOCKS = YES;
				GCC_OPTIMIZATION_LEVEL = 0;
				GCC_PREPROCESSOR_DEFINITIONS = (
					"DEBUG=1",
					"$(inherited)",
				);
				GCC_SYMBOLS_PRIVATE_EXTERN = NO;
				GCC_WARN_64_TO_32_BIT_CONVERSION = YES;
				GCC_WARN_ABOUT_RETURN_TYPE = YES_ERROR;
				GCC_WARN_UNDECLARED_SELECTOR = YES;
				GCC_WARN_UNINITIALIZED_AUTOS = YES_AGGRESSIVE;
				GCC_WARN_UNUSED_FUNCTION = YES;
				GCC_WARN_UNUSED_VARIABLE = YES;
				IPHONEOS_DEPLOYMENT_TARGET = 8.0;
				MTL_ENABLE_DEBUG_INFO = YES;
				ONLY_ACTIVE_ARCH = YES;
				SDKROOT = iphoneos;
				SWIFT_OPTIMIZATION_LEVEL = "-Onone";
				TARGETED_DEVICE_FAMILY = "1,2";
			};
			name = Debug;
		};
		81BA81631A49DA1800E65899 /* Release */ = {
			isa = XCBuildConfiguration;
			buildSettings = {
				ALWAYS_SEARCH_USER_PATHS = NO;
				CLANG_CXX_LANGUAGE_STANDARD = "gnu++0x";
				CLANG_CXX_LIBRARY = "libc++";
				CLANG_ENABLE_MODULES = YES;
				CLANG_ENABLE_OBJC_ARC = YES;
				CLANG_WARN_BOOL_CONVERSION = YES;
				CLANG_WARN_CONSTANT_CONVERSION = YES;
				CLANG_WARN_DIRECT_OBJC_ISA_USAGE = YES_ERROR;
				CLANG_WARN_EMPTY_BODY = YES;
				CLANG_WARN_ENUM_CONVERSION = YES;
				CLANG_WARN_INFINITE_RECURSION = YES;
				CLANG_WARN_INT_CONVERSION = YES;
				CLANG_WARN_OBJC_ROOT_CLASS = YES_ERROR;
				CLANG_WARN_SUSPICIOUS_MOVE = YES;
				CLANG_WARN_UNREACHABLE_CODE = YES;
				CLANG_WARN__DUPLICATE_METHOD_MATCH = YES;
				"CODE_SIGN_IDENTITY[sdk=iphoneos*]" = "iPhone Developer";
				COPY_PHASE_STRIP = YES;
				ENABLE_NS_ASSERTIONS = NO;
				ENABLE_STRICT_OBJC_MSGSEND = YES;
				GCC_C_LANGUAGE_STANDARD = gnu99;
				GCC_NO_COMMON_BLOCKS = YES;
				GCC_WARN_64_TO_32_BIT_CONVERSION = YES;
				GCC_WARN_ABOUT_RETURN_TYPE = YES_ERROR;
				GCC_WARN_UNDECLARED_SELECTOR = YES;
				GCC_WARN_UNINITIALIZED_AUTOS = YES_AGGRESSIVE;
				GCC_WARN_UNUSED_FUNCTION = YES;
				GCC_WARN_UNUSED_VARIABLE = YES;
				IPHONEOS_DEPLOYMENT_TARGET = 8.0;
				MTL_ENABLE_DEBUG_INFO = NO;
				SDKROOT = iphoneos;
				SWIFT_OPTIMIZATION_LEVEL = "-Owholemodule";
				TARGETED_DEVICE_FAMILY = "1,2";
				VALIDATE_PRODUCT = YES;
			};
			name = Release;
		};
		81BA81651A49DA1800E65899 /* Debug */ = {
			isa = XCBuildConfiguration;
			buildSettings = {
				ASSETCATALOG_COMPILER_APPICON_NAME = AppIcon;
				CLANG_ENABLE_MODULES = YES;
				CODE_SIGN_ENTITLEMENTS = MyBridgeApp/MyBridgeApp.entitlements;
				CODE_SIGN_IDENTITY = "iPhone Developer";
				"CODE_SIGN_IDENTITY[sdk=iphoneos*]" = "iPhone Developer";
				DEVELOPMENT_TEAM = "";
				FRAMEWORK_SEARCH_PATHS = (
					"$(inherited)",
					"$(PROJECT_DIR)",
					"$(PROJECT_DIR)/Frameworks",
				);
				INFOPLIST_FILE = Resources/Info.plist;
				IPHONEOS_DEPLOYMENT_TARGET = 8.0;
				LD_RUNPATH_SEARCH_PATHS = "$(inherited) @executable_path/Frameworks";
				PRODUCT_BUNDLE_IDENTIFIER = social.necter;
				PRODUCT_NAME = MyBridgeApp;
				PROVISIONING_PROFILE = "";
				PROVISIONING_PROFILE_SPECIFIER = "";
				SWIFT_OPTIMIZATION_LEVEL = "-Onone";
				SWIFT_VERSION = 3.0;
				TARGETED_DEVICE_FAMILY = 1;
			};
			name = Debug;
		};
		81BA81661A49DA1800E65899 /* Release */ = {
			isa = XCBuildConfiguration;
			buildSettings = {
				ASSETCATALOG_COMPILER_APPICON_NAME = AppIcon;
				CLANG_ENABLE_MODULES = YES;
				CODE_SIGN_ENTITLEMENTS = MyBridgeApp/MyBridgeApp.entitlements;
				CODE_SIGN_IDENTITY = "iPhone Developer";
				"CODE_SIGN_IDENTITY[sdk=iphoneos*]" = "iPhone Developer";
				DEVELOPMENT_TEAM = 7Y7JRS85QB;
				FRAMEWORK_SEARCH_PATHS = (
					"$(inherited)",
					"$(PROJECT_DIR)",
					"$(PROJECT_DIR)/Frameworks",
				);
				INFOPLIST_FILE = Resources/Info.plist;
				IPHONEOS_DEPLOYMENT_TARGET = 8.0;
				LD_RUNPATH_SEARCH_PATHS = "$(inherited) @executable_path/Frameworks";
				PRODUCT_BUNDLE_IDENTIFIER = social.necter;
				PRODUCT_NAME = MyBridgeApp;
				PROVISIONING_PROFILE = "";
				SWIFT_VERSION = 3.0;
				TARGETED_DEVICE_FAMILY = 1;
			};
			name = Release;
		};
/* End XCBuildConfiguration section */

/* Begin XCConfigurationList section */
		81BA81401A49DA1800E65899 /* Build configuration list for PBXProject "MyBridgeApp" */ = {
			isa = XCConfigurationList;
			buildConfigurations = (
				81BA81621A49DA1800E65899 /* Debug */,
				81BA81631A49DA1800E65899 /* Release */,
			);
			defaultConfigurationIsVisible = 0;
			defaultConfigurationName = Release;
		};
		81BA81641A49DA1800E65899 /* Build configuration list for PBXNativeTarget "MyBridgeApp" */ = {
			isa = XCConfigurationList;
			buildConfigurations = (
				81BA81651A49DA1800E65899 /* Debug */,
				81BA81661A49DA1800E65899 /* Release */,
			);
			defaultConfigurationIsVisible = 0;
			defaultConfigurationName = Release;
		};
/* End XCConfigurationList section */

/* Begin XCVersionGroup section */
		E9D6DF551D7883FD00138A1F /* MyBridgeAppDataModel.xcdatamodeld */ = {
			isa = XCVersionGroup;
			children = (
				E9D6DF561D7883FD00138A1F /* MyBridgeAppDataModel.xcdatamodel */,
			);
			currentVersion = E9D6DF561D7883FD00138A1F /* MyBridgeAppDataModel.xcdatamodel */;
			path = MyBridgeAppDataModel.xcdatamodeld;
			sourceTree = "<group>";
			versionGroupType = wrapper.xcdatamodel;
		};
/* End XCVersionGroup section */
	};
	rootObject = 81BA813D1A49DA1800E65899 /* Project object */;
}
